// !$*UTF8*$!
{
	archiveVersion = 1;
	classes = {
	};
	objectVersion = 52;
	objects = {

/* Begin PBXBuildFile section */
		1FC52EFA1B593F93F7CD83DC /* Pods_TWAQI.framework in Frameworks */ = {isa = PBXBuildFile; fileRef = 2B62FC15B7CFF80DF517CBF2 /* Pods_TWAQI.framework */; };
		9E01F533235C30A400BC3486 /* SettingsViewModel.swift in Sources */ = {isa = PBXBuildFile; fileRef = 9E01F532235C30A400BC3486 /* SettingsViewModel.swift */; };
		9E01F535235C3E1900BC3486 /* OneSignalSettings.swift in Sources */ = {isa = PBXBuildFile; fileRef = 9E01F534235C3E1900BC3486 /* OneSignalSettings.swift */; };
		9E1AC53C233F981700AC862D /* AppDelegate.swift in Sources */ = {isa = PBXBuildFile; fileRef = 9E1AC53B233F981700AC862D /* AppDelegate.swift */; };
		9E1AC53E233F981700AC862D /* SceneDelegate.swift in Sources */ = {isa = PBXBuildFile; fileRef = 9E1AC53D233F981700AC862D /* SceneDelegate.swift */; };
		9E1AC540233F981700AC862D /* ContentView.swift in Sources */ = {isa = PBXBuildFile; fileRef = 9E1AC53F233F981700AC862D /* ContentView.swift */; };
		9E1AC542233F981900AC862D /* Assets.xcassets in Resources */ = {isa = PBXBuildFile; fileRef = 9E1AC541233F981900AC862D /* Assets.xcassets */; };
		9E1AC545233F981900AC862D /* Preview Assets.xcassets in Resources */ = {isa = PBXBuildFile; fileRef = 9E1AC544233F981900AC862D /* Preview Assets.xcassets */; };
		9E1AC548233F981900AC862D /* LaunchScreen.storyboard in Resources */ = {isa = PBXBuildFile; fileRef = 9E1AC546233F981900AC862D /* LaunchScreen.storyboard */; };
		9E1AC552233F99BC00AC862D /* Common.swift in Sources */ = {isa = PBXBuildFile; fileRef = 9E1AC551233F99BC00AC862D /* Common.swift */; };
		9E1AC555233F99F600AC862D /* MainView.swift in Sources */ = {isa = PBXBuildFile; fileRef = 9E1AC554233F99F600AC862D /* MainView.swift */; };
		9E1AC558233F9A1800AC862D /* SettingsView.swift in Sources */ = {isa = PBXBuildFile; fileRef = 9E1AC557233F9A1800AC862D /* SettingsView.swift */; };
		9E1AC55B233F9A3900AC862D /* ForecastView.swift in Sources */ = {isa = PBXBuildFile; fileRef = 9E1AC55A233F9A3900AC862D /* ForecastView.swift */; };
		9E1AC55E233F9A5000AC862D /* HelpView.swift in Sources */ = {isa = PBXBuildFile; fileRef = 9E1AC55D233F9A5000AC862D /* HelpView.swift */; };
		9E1AC561233F9A8500AC862D /* DetailsView.swift in Sources */ = {isa = PBXBuildFile; fileRef = 9E1AC560233F9A8500AC862D /* DetailsView.swift */; };
		9E1AC564233F9AC100AC862D /* DetailsListView.swift in Sources */ = {isa = PBXBuildFile; fileRef = 9E1AC563233F9AC100AC862D /* DetailsListView.swift */; };
		9E1AC567233FB0A400AC862D /* HexColors.swift in Sources */ = {isa = PBXBuildFile; fileRef = 9E1AC566233FB0A400AC862D /* HexColors.swift */; };
		9E205FC423536C6A00C6D3C1 /* DetailsHistoryView.swift in Sources */ = {isa = PBXBuildFile; fileRef = 9E205FC323536C6A00C6D3C1 /* DetailsHistoryView.swift */; };
		9E205FC62353759100C6D3C1 /* DetailsViewModel.swift in Sources */ = {isa = PBXBuildFile; fileRef = 9E205FC52353759100C6D3C1 /* DetailsViewModel.swift */; };
		9E205FC823537F7000C6D3C1 /* HistoryPollutant.swift in Sources */ = {isa = PBXBuildFile; fileRef = 9E205FC723537F7000C6D3C1 /* HistoryPollutant.swift */; };
		9E205FCB2354AD3300C6D3C1 /* SwiftUICharts in Frameworks */ = {isa = PBXBuildFile; productRef = 9E205FCA2354AD3300C6D3C1 /* SwiftUICharts */; };
		9E205FCD2354B5E900C6D3C1 /* DetailsSuggestionView.swift in Sources */ = {isa = PBXBuildFile; fileRef = 9E205FCC2354B5E900C6D3C1 /* DetailsSuggestionView.swift */; };
		9E5257A42342FE57001ECFE1 /* Indexes.json in Resources */ = {isa = PBXBuildFile; fileRef = 9E5257A32342FE56001ECFE1 /* Indexes.json */; };
		9E5257A8234305D6001ECFE1 /* Index.swift in Sources */ = {isa = PBXBuildFile; fileRef = 9E5257A7234305D6001ECFE1 /* Index.swift */; };
		9E5257AA2343064F001ECFE1 /* IndexSelector.swift in Sources */ = {isa = PBXBuildFile; fileRef = 9E5257A92343064F001ECFE1 /* IndexSelector.swift */; };
		9E5257AC23449FD1001ECFE1 /* MainViewModel.swift in Sources */ = {isa = PBXBuildFile; fileRef = 9E5257AB23449FD1001ECFE1 /* MainViewModel.swift */; };
		9E5257B02344A676001ECFE1 /* Pollutants.swift in Sources */ = {isa = PBXBuildFile; fileRef = 9E5257AF2344A676001ECFE1 /* Pollutants.swift */; };
		9E5257B22344AA12001ECFE1 /* Stations.swift in Sources */ = {isa = PBXBuildFile; fileRef = 9E5257B12344AA12001ECFE1 /* Stations.swift */; };
		9E794A62234083700064D874 /* Indicator.swift in Sources */ = {isa = PBXBuildFile; fileRef = 9E794A61234083700064D874 /* Indicator.swift */; };
		9E794A642340993C0064D874 /* DetailsRow.swift in Sources */ = {isa = PBXBuildFile; fileRef = 9E794A632340993C0064D874 /* DetailsRow.swift */; };
		9E794A692340A6090064D874 /* SettingsRow.swift in Sources */ = {isa = PBXBuildFile; fileRef = 9E794A682340A6090064D874 /* SettingsRow.swift */; };
		9E8B63A5234CEA6300C206C8 /* MapView.swift in Sources */ = {isa = PBXBuildFile; fileRef = 9E8B63A4234CEA6300C206C8 /* MapView.swift */; };
		9E978F162357808100C66A03 /* GoogleService-Info.plist in Resources */ = {isa = PBXBuildFile; fileRef = 9E978F152357808100C66A03 /* GoogleService-Info.plist */; };
		9E978F18235780D900C66A03 /* GADBannerView.swift in Sources */ = {isa = PBXBuildFile; fileRef = 9E978F17235780D900C66A03 /* GADBannerView.swift */; };
		9E978F1A235ABB0500C66A03 /* Constants.swift in Sources */ = {isa = PBXBuildFile; fileRef = 9E978F19235ABB0500C66A03 /* Constants.swift */; };
		9E978F1C235AFA7000C66A03 /* DataManager.swift in Sources */ = {isa = PBXBuildFile; fileRef = 9E978F1B235AFA7000C66A03 /* DataManager.swift */; };
		9E978F1E235B0A0300C66A03 /* stations.json in Resources */ = {isa = PBXBuildFile; fileRef = 9E978F1D235B0A0300C66A03 /* stations.json */; };
		9E978F20235B0CDC00C66A03 /* StationGroups.swift in Sources */ = {isa = PBXBuildFile; fileRef = 9E978F1F235B0CDC00C66A03 /* StationGroups.swift */; };
		9EC3CF20235E0EF100F17332 /* Separator.swift in Sources */ = {isa = PBXBuildFile; fileRef = 9EC3CF1F235E0EF100F17332 /* Separator.swift */; };
		9EC3CF22235F3B0B00F17332 /* LabelView.swift in Sources */ = {isa = PBXBuildFile; fileRef = 9EC3CF21235F3B0B00F17332 /* LabelView.swift */; };
		9EC5960C2351BF7800B8AA99 /* getEnv.swift in Sources */ = {isa = PBXBuildFile; fileRef = 9EC5960B2351BF7800B8AA99 /* getEnv.swift */; };
		9EC5960E2351C29F00B8AA99 /* Landmark.swift in Sources */ = {isa = PBXBuildFile; fileRef = 9EC5960D2351C29E00B8AA99 /* Landmark.swift */; };
		9EC596102351C87100B8AA99 /* ForecastViewModel.swift in Sources */ = {isa = PBXBuildFile; fileRef = 9EC5960F2351C87100B8AA99 /* ForecastViewModel.swift */; };
		9EC596132351CF4400B8AA99 /* ForecastArea.swift in Sources */ = {isa = PBXBuildFile; fileRef = 9EC596122351CF4400B8AA99 /* ForecastArea.swift */; };
		9EC6BB17235B462B00213041 /* SafariView.swift in Sources */ = {isa = PBXBuildFile; fileRef = 9EC6BB16235B462B00213041 /* SafariView.swift */; };
		9EC6BB1F235B590500213041 /* NotificationService.swift in Sources */ = {isa = PBXBuildFile; fileRef = 9EC6BB1E235B590500213041 /* NotificationService.swift */; };
		9EC6BB23235B590500213041 /* OneSignalNotificationServiceExtension.appex in Embed App Extensions */ = {isa = PBXBuildFile; fileRef = 9EC6BB1C235B590500213041 /* OneSignalNotificationServiceExtension.appex */; settings = {ATTRIBUTES = (RemoveHeadersOnCopy, ); }; };
		9EE9E6BE235C8F150046A590 /* SettingsStore.swift in Sources */ = {isa = PBXBuildFile; fileRef = 9EE9E6BD235C8F150046A590 /* SettingsStore.swift */; };
		9EFE2E0223423D74007B7723 /* SettingsGroup.swift in Sources */ = {isa = PBXBuildFile; fileRef = 9EFE2E0123423D74007B7723 /* SettingsGroup.swift */; };
		9EFE2E0423425053007B7723 /* DetailsGroup.swift in Sources */ = {isa = PBXBuildFile; fileRef = 9EFE2E0323425053007B7723 /* DetailsGroup.swift */; };
		AEAF311CBA65697B61E2412E /* Pods_OneSignalNotificationServiceExtension.framework in Frameworks */ = {isa = PBXBuildFile; fileRef = 31DB7B3D7441B51A8F0D30E5 /* Pods_OneSignalNotificationServiceExtension.framework */; };
/* End PBXBuildFile section */

/* Begin PBXContainerItemProxy section */
		9EC6BB21235B590500213041 /* PBXContainerItemProxy */ = {
			isa = PBXContainerItemProxy;
			containerPortal = 9E1AC530233F981700AC862D /* Project object */;
			proxyType = 1;
			remoteGlobalIDString = 9EC6BB1B235B590500213041;
			remoteInfo = OneSignalNotificationServiceExtension;
		};
/* End PBXContainerItemProxy section */

/* Begin PBXCopyFilesBuildPhase section */
		9EC6BB27235B590500213041 /* Embed App Extensions */ = {
			isa = PBXCopyFilesBuildPhase;
			buildActionMask = 2147483647;
			dstPath = "";
			dstSubfolderSpec = 13;
			files = (
				9EC6BB23235B590500213041 /* OneSignalNotificationServiceExtension.appex in Embed App Extensions */,
			);
			name = "Embed App Extensions";
			runOnlyForDeploymentPostprocessing = 0;
		};
/* End PBXCopyFilesBuildPhase section */

/* Begin PBXFileReference section */
		2B62FC15B7CFF80DF517CBF2 /* Pods_TWAQI.framework */ = {isa = PBXFileReference; explicitFileType = wrapper.framework; includeInIndex = 0; path = Pods_TWAQI.framework; sourceTree = BUILT_PRODUCTS_DIR; };
		31DB7B3D7441B51A8F0D30E5 /* Pods_OneSignalNotificationServiceExtension.framework */ = {isa = PBXFileReference; explicitFileType = wrapper.framework; includeInIndex = 0; path = Pods_OneSignalNotificationServiceExtension.framework; sourceTree = BUILT_PRODUCTS_DIR; };
		437631D7D7C9B18A5CECB5C3 /* Pods-OneSignalNotificationServiceExtension.release.xcconfig */ = {isa = PBXFileReference; includeInIndex = 1; lastKnownFileType = text.xcconfig; name = "Pods-OneSignalNotificationServiceExtension.release.xcconfig"; path = "Target Support Files/Pods-OneSignalNotificationServiceExtension/Pods-OneSignalNotificationServiceExtension.release.xcconfig"; sourceTree = "<group>"; };
		9E01F532235C30A400BC3486 /* SettingsViewModel.swift */ = {isa = PBXFileReference; lastKnownFileType = sourcecode.swift; path = SettingsViewModel.swift; sourceTree = "<group>"; };
		9E01F534235C3E1900BC3486 /* OneSignalSettings.swift */ = {isa = PBXFileReference; lastKnownFileType = sourcecode.swift; path = OneSignalSettings.swift; sourceTree = "<group>"; };
		9E1AC538233F981700AC862D /* TWAQI.app */ = {isa = PBXFileReference; explicitFileType = wrapper.application; includeInIndex = 0; path = TWAQI.app; sourceTree = BUILT_PRODUCTS_DIR; };
		9E1AC53B233F981700AC862D /* AppDelegate.swift */ = {isa = PBXFileReference; lastKnownFileType = sourcecode.swift; path = AppDelegate.swift; sourceTree = "<group>"; };
		9E1AC53D233F981700AC862D /* SceneDelegate.swift */ = {isa = PBXFileReference; lastKnownFileType = sourcecode.swift; path = SceneDelegate.swift; sourceTree = "<group>"; };
		9E1AC53F233F981700AC862D /* ContentView.swift */ = {isa = PBXFileReference; lastKnownFileType = sourcecode.swift; path = ContentView.swift; sourceTree = "<group>"; };
		9E1AC541233F981900AC862D /* Assets.xcassets */ = {isa = PBXFileReference; lastKnownFileType = folder.assetcatalog; path = Assets.xcassets; sourceTree = "<group>"; };
		9E1AC544233F981900AC862D /* Preview Assets.xcassets */ = {isa = PBXFileReference; lastKnownFileType = folder.assetcatalog; path = "Preview Assets.xcassets"; sourceTree = "<group>"; };
		9E1AC547233F981900AC862D /* Base */ = {isa = PBXFileReference; lastKnownFileType = file.storyboard; name = Base; path = Base.lproj/LaunchScreen.storyboard; sourceTree = "<group>"; };
		9E1AC549233F981900AC862D /* Info.plist */ = {isa = PBXFileReference; lastKnownFileType = text.plist.xml; path = Info.plist; sourceTree = "<group>"; };
		9E1AC551233F99BC00AC862D /* Common.swift */ = {isa = PBXFileReference; lastKnownFileType = sourcecode.swift; path = Common.swift; sourceTree = "<group>"; };
		9E1AC554233F99F600AC862D /* MainView.swift */ = {isa = PBXFileReference; lastKnownFileType = sourcecode.swift; path = MainView.swift; sourceTree = "<group>"; };
		9E1AC557233F9A1800AC862D /* SettingsView.swift */ = {isa = PBXFileReference; lastKnownFileType = sourcecode.swift; path = SettingsView.swift; sourceTree = "<group>"; };
		9E1AC55A233F9A3900AC862D /* ForecastView.swift */ = {isa = PBXFileReference; lastKnownFileType = sourcecode.swift; path = ForecastView.swift; sourceTree = "<group>"; };
		9E1AC55D233F9A5000AC862D /* HelpView.swift */ = {isa = PBXFileReference; lastKnownFileType = sourcecode.swift; path = HelpView.swift; sourceTree = "<group>"; };
		9E1AC560233F9A8500AC862D /* DetailsView.swift */ = {isa = PBXFileReference; lastKnownFileType = sourcecode.swift; path = DetailsView.swift; sourceTree = "<group>"; };
		9E1AC563233F9AC100AC862D /* DetailsListView.swift */ = {isa = PBXFileReference; lastKnownFileType = sourcecode.swift; path = DetailsListView.swift; sourceTree = "<group>"; };
		9E1AC566233FB0A400AC862D /* HexColors.swift */ = {isa = PBXFileReference; lastKnownFileType = sourcecode.swift; path = HexColors.swift; sourceTree = "<group>"; };
		9E205FC323536C6A00C6D3C1 /* DetailsHistoryView.swift */ = {isa = PBXFileReference; lastKnownFileType = sourcecode.swift; path = DetailsHistoryView.swift; sourceTree = "<group>"; };
		9E205FC52353759100C6D3C1 /* DetailsViewModel.swift */ = {isa = PBXFileReference; lastKnownFileType = sourcecode.swift; path = DetailsViewModel.swift; sourceTree = "<group>"; };
		9E205FC723537F7000C6D3C1 /* HistoryPollutant.swift */ = {isa = PBXFileReference; lastKnownFileType = sourcecode.swift; path = HistoryPollutant.swift; sourceTree = "<group>"; };
		9E205FCC2354B5E900C6D3C1 /* DetailsSuggestionView.swift */ = {isa = PBXFileReference; lastKnownFileType = sourcecode.swift; path = DetailsSuggestionView.swift; sourceTree = "<group>"; };
		9E5257A32342FE56001ECFE1 /* Indexes.json */ = {isa = PBXFileReference; fileEncoding = 4; lastKnownFileType = text.json; path = Indexes.json; sourceTree = "<group>"; };
		9E5257A7234305D6001ECFE1 /* Index.swift */ = {isa = PBXFileReference; lastKnownFileType = sourcecode.swift; path = Index.swift; sourceTree = "<group>"; };
		9E5257A92343064F001ECFE1 /* IndexSelector.swift */ = {isa = PBXFileReference; lastKnownFileType = sourcecode.swift; path = IndexSelector.swift; sourceTree = "<group>"; };
		9E5257AB23449FD1001ECFE1 /* MainViewModel.swift */ = {isa = PBXFileReference; lastKnownFileType = sourcecode.swift; path = MainViewModel.swift; sourceTree = "<group>"; };
		9E5257AF2344A676001ECFE1 /* Pollutants.swift */ = {isa = PBXFileReference; fileEncoding = 4; lastKnownFileType = sourcecode.swift; path = Pollutants.swift; sourceTree = "<group>"; };
		9E5257B12344AA12001ECFE1 /* Stations.swift */ = {isa = PBXFileReference; fileEncoding = 4; lastKnownFileType = sourcecode.swift; path = Stations.swift; sourceTree = "<group>"; };
		9E794A61234083700064D874 /* Indicator.swift */ = {isa = PBXFileReference; lastKnownFileType = sourcecode.swift; path = Indicator.swift; sourceTree = "<group>"; };
		9E794A632340993C0064D874 /* DetailsRow.swift */ = {isa = PBXFileReference; lastKnownFileType = sourcecode.swift; path = DetailsRow.swift; sourceTree = "<group>"; };
		9E794A682340A6090064D874 /* SettingsRow.swift */ = {isa = PBXFileReference; lastKnownFileType = sourcecode.swift; path = SettingsRow.swift; sourceTree = "<group>"; };
		9E8B63A4234CEA6300C206C8 /* MapView.swift */ = {isa = PBXFileReference; lastKnownFileType = sourcecode.swift; path = MapView.swift; sourceTree = "<group>"; };
		9E978F152357808100C66A03 /* GoogleService-Info.plist */ = {isa = PBXFileReference; fileEncoding = 4; lastKnownFileType = text.plist.xml; path = "GoogleService-Info.plist"; sourceTree = "<group>"; };
		9E978F17235780D900C66A03 /* GADBannerView.swift */ = {isa = PBXFileReference; lastKnownFileType = sourcecode.swift; path = GADBannerView.swift; sourceTree = "<group>"; };
		9E978F19235ABB0500C66A03 /* Constants.swift */ = {isa = PBXFileReference; lastKnownFileType = sourcecode.swift; path = Constants.swift; sourceTree = "<group>"; };
		9E978F1B235AFA7000C66A03 /* DataManager.swift */ = {isa = PBXFileReference; lastKnownFileType = sourcecode.swift; path = DataManager.swift; sourceTree = "<group>"; };
		9E978F1D235B0A0300C66A03 /* stations.json */ = {isa = PBXFileReference; fileEncoding = 4; lastKnownFileType = text.json; path = stations.json; sourceTree = "<group>"; };
		9E978F1F235B0CDC00C66A03 /* StationGroups.swift */ = {isa = PBXFileReference; lastKnownFileType = sourcecode.swift; path = StationGroups.swift; sourceTree = "<group>"; };
		9EAF6D2B799535C450BD0580 /* Pods-OneSignalNotificationServiceExtension.debug.xcconfig */ = {isa = PBXFileReference; includeInIndex = 1; lastKnownFileType = text.xcconfig; name = "Pods-OneSignalNotificationServiceExtension.debug.xcconfig"; path = "Target Support Files/Pods-OneSignalNotificationServiceExtension/Pods-OneSignalNotificationServiceExtension.debug.xcconfig"; sourceTree = "<group>"; };
		9EC3CF1F235E0EF100F17332 /* Separator.swift */ = {isa = PBXFileReference; lastKnownFileType = sourcecode.swift; path = Separator.swift; sourceTree = "<group>"; };
		9EC3CF21235F3B0B00F17332 /* LabelView.swift */ = {isa = PBXFileReference; lastKnownFileType = sourcecode.swift; path = LabelView.swift; sourceTree = "<group>"; };
		9EC596082351BC5D00B8AA99 /* release.xcconfig */ = {isa = PBXFileReference; lastKnownFileType = text.xcconfig; path = release.xcconfig; sourceTree = "<group>"; };
		9EC5960B2351BF7800B8AA99 /* getEnv.swift */ = {isa = PBXFileReference; lastKnownFileType = sourcecode.swift; path = getEnv.swift; sourceTree = "<group>"; };
		9EC5960D2351C29E00B8AA99 /* Landmark.swift */ = {isa = PBXFileReference; lastKnownFileType = sourcecode.swift; path = Landmark.swift; sourceTree = "<group>"; };
		9EC5960F2351C87100B8AA99 /* ForecastViewModel.swift */ = {isa = PBXFileReference; lastKnownFileType = sourcecode.swift; path = ForecastViewModel.swift; sourceTree = "<group>"; };
		9EC596112351C94900B8AA99 /* debug.xcconfig */ = {isa = PBXFileReference; lastKnownFileType = text.xcconfig; path = debug.xcconfig; sourceTree = "<group>"; };
		9EC596122351CF4400B8AA99 /* ForecastArea.swift */ = {isa = PBXFileReference; lastKnownFileType = sourcecode.swift; path = ForecastArea.swift; sourceTree = "<group>"; };
		9EC6BB16235B462B00213041 /* SafariView.swift */ = {isa = PBXFileReference; lastKnownFileType = sourcecode.swift; path = SafariView.swift; sourceTree = "<group>"; };
		9EC6BB1C235B590500213041 /* OneSignalNotificationServiceExtension.appex */ = {isa = PBXFileReference; explicitFileType = "wrapper.app-extension"; includeInIndex = 0; path = OneSignalNotificationServiceExtension.appex; sourceTree = BUILT_PRODUCTS_DIR; };
		9EC6BB1E235B590500213041 /* NotificationService.swift */ = {isa = PBXFileReference; lastKnownFileType = sourcecode.swift; path = NotificationService.swift; sourceTree = "<group>"; };
		9EC6BB20235B590500213041 /* Info.plist */ = {isa = PBXFileReference; lastKnownFileType = text.plist.xml; path = Info.plist; sourceTree = "<group>"; };
		9EC6BB28235B5AD800213041 /* OneSignalNotificationServiceExtension.entitlements */ = {isa = PBXFileReference; lastKnownFileType = text.plist.entitlements; path = OneSignalNotificationServiceExtension.entitlements; sourceTree = "<group>"; };
		9EC6BB29235B5AEE00213041 /* TWAQI.entitlements */ = {isa = PBXFileReference; lastKnownFileType = text.plist.entitlements; path = TWAQI.entitlements; sourceTree = "<group>"; };
		9EE9E6BD235C8F150046A590 /* SettingsStore.swift */ = {isa = PBXFileReference; lastKnownFileType = sourcecode.swift; path = SettingsStore.swift; sourceTree = "<group>"; };
		9EFE2E0123423D74007B7723 /* SettingsGroup.swift */ = {isa = PBXFileReference; lastKnownFileType = sourcecode.swift; path = SettingsGroup.swift; sourceTree = "<group>"; };
		9EFE2E0323425053007B7723 /* DetailsGroup.swift */ = {isa = PBXFileReference; lastKnownFileType = sourcecode.swift; path = DetailsGroup.swift; sourceTree = "<group>"; };
		D2A76960C78240C199D174A5 /* Pods-TWAQI.release.xcconfig */ = {isa = PBXFileReference; includeInIndex = 1; lastKnownFileType = text.xcconfig; name = "Pods-TWAQI.release.xcconfig"; path = "Target Support Files/Pods-TWAQI/Pods-TWAQI.release.xcconfig"; sourceTree = "<group>"; };
		DF13A9AEE12BB503E5C3EA73 /* Pods-TWAQI.debug.xcconfig */ = {isa = PBXFileReference; includeInIndex = 1; lastKnownFileType = text.xcconfig; name = "Pods-TWAQI.debug.xcconfig"; path = "Target Support Files/Pods-TWAQI/Pods-TWAQI.debug.xcconfig"; sourceTree = "<group>"; };
/* End PBXFileReference section */

/* Begin PBXFrameworksBuildPhase section */
		9E1AC535233F981700AC862D /* Frameworks */ = {
			isa = PBXFrameworksBuildPhase;
			buildActionMask = 2147483647;
			files = (
				1FC52EFA1B593F93F7CD83DC /* Pods_TWAQI.framework in Frameworks */,
				9E205FCB2354AD3300C6D3C1 /* SwiftUICharts in Frameworks */,
			);
			runOnlyForDeploymentPostprocessing = 0;
		};
		9EC6BB19235B590500213041 /* Frameworks */ = {
			isa = PBXFrameworksBuildPhase;
			buildActionMask = 2147483647;
			files = (
				AEAF311CBA65697B61E2412E /* Pods_OneSignalNotificationServiceExtension.framework in Frameworks */,
			);
			runOnlyForDeploymentPostprocessing = 0;
		};
/* End PBXFrameworksBuildPhase section */

/* Begin PBXGroup section */
		9E1AC52F233F981700AC862D = {
			isa = PBXGroup;
			children = (
				9E1AC53A233F981700AC862D /* TWAQI */,
				9EC6BB1D235B590500213041 /* OneSignalNotificationServiceExtension */,
				9E1AC539233F981700AC862D /* Products */,
				EC74AF5E2E6315550EC00CA3 /* Pods */,
				AE3FAE52D0FC9E2F007C900A /* Frameworks */,
			);
			sourceTree = "<group>";
		};
		9E1AC539233F981700AC862D /* Products */ = {
			isa = PBXGroup;
			children = (
				9E1AC538233F981700AC862D /* TWAQI.app */,
				9EC6BB1C235B590500213041 /* OneSignalNotificationServiceExtension.appex */,
			);
			name = Products;
			sourceTree = "<group>";
		};
		9E1AC53A233F981700AC862D /* TWAQI */ = {
			isa = PBXGroup;
			children = (
				9EC596072351BC0500B8AA99 /* Config */,
				9E794A65234099830064D874 /* Models */,
				9E5257A12342FD88001ECFE1 /* Resources */,
				9E1AC565233FB09000AC862D /* Utils */,
				9E1AC54F233F998E00AC862D /* Views */,
				9EC6BB29235B5AEE00213041 /* TWAQI.entitlements */,
				9E978F152357808100C66A03 /* GoogleService-Info.plist */,
				9E1AC549233F981900AC862D /* Info.plist */,
				9E1AC53B233F981700AC862D /* AppDelegate.swift */,
				9E1AC53F233F981700AC862D /* ContentView.swift */,
				9E1AC53D233F981700AC862D /* SceneDelegate.swift */,
				9E1AC541233F981900AC862D /* Assets.xcassets */,
				9E1AC546233F981900AC862D /* LaunchScreen.storyboard */,
				9E1AC543233F981900AC862D /* Preview Content */,
			);
			path = TWAQI;
			sourceTree = "<group>";
		};
		9E1AC543233F981900AC862D /* Preview Content */ = {
			isa = PBXGroup;
			children = (
				9E1AC544233F981900AC862D /* Preview Assets.xcassets */,
			);
			path = "Preview Content";
			sourceTree = "<group>";
		};
		9E1AC54F233F998E00AC862D /* Views */ = {
			isa = PBXGroup;
			children = (
				9E1AC550233F999B00AC862D /* Common */,
				9E1AC55F233F9A7300AC862D /* Details */,
				9E1AC559233F9A2A00AC862D /* Forecast */,
				9E1AC55C233F9A4400AC862D /* Help */,
				9E1AC553233F99CE00AC862D /* Main */,
				9E1AC556233F9A0600AC862D /* Settings */,
			);
			path = Views;
			sourceTree = "<group>";
		};
		9E1AC550233F999B00AC862D /* Common */ = {
			isa = PBXGroup;
			children = (
				9E1AC551233F99BC00AC862D /* Common.swift */,
				9E978F17235780D900C66A03 /* GADBannerView.swift */,
				9E794A61234083700064D874 /* Indicator.swift */,
				9EC6BB16235B462B00213041 /* SafariView.swift */,
				9EC3CF1F235E0EF100F17332 /* Separator.swift */,
				9EC3CF21235F3B0B00F17332 /* LabelView.swift */,
			);
			path = Common;
			sourceTree = "<group>";
		};
		9E1AC553233F99CE00AC862D /* Main */ = {
			isa = PBXGroup;
			children = (
				9E5257A92343064F001ECFE1 /* IndexSelector.swift */,
				9E1AC554233F99F600AC862D /* MainView.swift */,
				9E5257AB23449FD1001ECFE1 /* MainViewModel.swift */,
				9E8B63A4234CEA6300C206C8 /* MapView.swift */,
			);
			path = Main;
			sourceTree = "<group>";
		};
		9E1AC556233F9A0600AC862D /* Settings */ = {
			isa = PBXGroup;
			children = (
				9EFE2E0123423D74007B7723 /* SettingsGroup.swift */,
				9E794A682340A6090064D874 /* SettingsRow.swift */,
				9E1AC557233F9A1800AC862D /* SettingsView.swift */,
				9E01F532235C30A400BC3486 /* SettingsViewModel.swift */,
			);
			path = Settings;
			sourceTree = "<group>";
		};
		9E1AC559233F9A2A00AC862D /* Forecast */ = {
			isa = PBXGroup;
			children = (
				9E1AC55A233F9A3900AC862D /* ForecastView.swift */,
				9EC5960F2351C87100B8AA99 /* ForecastViewModel.swift */,
			);
			path = Forecast;
			sourceTree = "<group>";
		};
		9E1AC55C233F9A4400AC862D /* Help */ = {
			isa = PBXGroup;
			children = (
				9E1AC55D233F9A5000AC862D /* HelpView.swift */,
			);
			path = Help;
			sourceTree = "<group>";
		};
		9E1AC55F233F9A7300AC862D /* Details */ = {
			isa = PBXGroup;
			children = (
				9EFE2E0323425053007B7723 /* DetailsGroup.swift */,
				9E205FC323536C6A00C6D3C1 /* DetailsHistoryView.swift */,
				9E1AC563233F9AC100AC862D /* DetailsListView.swift */,
				9E794A632340993C0064D874 /* DetailsRow.swift */,
				9E205FCC2354B5E900C6D3C1 /* DetailsSuggestionView.swift */,
				9E1AC560233F9A8500AC862D /* DetailsView.swift */,
				9E205FC52353759100C6D3C1 /* DetailsViewModel.swift */,
			);
			path = Details;
			sourceTree = "<group>";
		};
		9E1AC565233FB09000AC862D /* Utils */ = {
			isa = PBXGroup;
			children = (
				9E978F19235ABB0500C66A03 /* Constants.swift */,
				9E978F1B235AFA7000C66A03 /* DataManager.swift */,
				9EC5960B2351BF7800B8AA99 /* getEnv.swift */,
				9E1AC566233FB0A400AC862D /* HexColors.swift */,
				9EE9E6BD235C8F150046A590 /* SettingsStore.swift */,
			);
			path = Utils;
			sourceTree = "<group>";
		};
		9E5257A12342FD88001ECFE1 /* Resources */ = {
			isa = PBXGroup;
			children = (
				9E5257A32342FE56001ECFE1 /* Indexes.json */,
				9E978F1D235B0A0300C66A03 /* stations.json */,
			);
			path = Resources;
			sourceTree = "<group>";
		};
		9E794A65234099830064D874 /* Models */ = {
			isa = PBXGroup;
			children = (
				9E5257A7234305D6001ECFE1 /* Index.swift */,
				9E5257AF2344A676001ECFE1 /* Pollutants.swift */,
				9E5257B12344AA12001ECFE1 /* Stations.swift */,
				9E978F1F235B0CDC00C66A03 /* StationGroups.swift */,
				9EC5960D2351C29E00B8AA99 /* Landmark.swift */,
				9EC596122351CF4400B8AA99 /* ForecastArea.swift */,
				9E205FC723537F7000C6D3C1 /* HistoryPollutant.swift */,
				9E01F534235C3E1900BC3486 /* OneSignalSettings.swift */,
			);
			path = Models;
			sourceTree = "<group>";
		};
		9EC596072351BC0500B8AA99 /* Config */ = {
			isa = PBXGroup;
			children = (
				9EC596112351C94900B8AA99 /* debug.xcconfig */,
				9EC596082351BC5D00B8AA99 /* release.xcconfig */,
			);
			path = Config;
			sourceTree = "<group>";
		};
		9EC6BB1D235B590500213041 /* OneSignalNotificationServiceExtension */ = {
			isa = PBXGroup;
			children = (
				9EC6BB28235B5AD800213041 /* OneSignalNotificationServiceExtension.entitlements */,
				9EC6BB1E235B590500213041 /* NotificationService.swift */,
				9EC6BB20235B590500213041 /* Info.plist */,
			);
			path = OneSignalNotificationServiceExtension;
			sourceTree = "<group>";
		};
		AE3FAE52D0FC9E2F007C900A /* Frameworks */ = {
			isa = PBXGroup;
			children = (
				2B62FC15B7CFF80DF517CBF2 /* Pods_TWAQI.framework */,
				31DB7B3D7441B51A8F0D30E5 /* Pods_OneSignalNotificationServiceExtension.framework */,
			);
			name = Frameworks;
			sourceTree = "<group>";
		};
		EC74AF5E2E6315550EC00CA3 /* Pods */ = {
			isa = PBXGroup;
			children = (
				DF13A9AEE12BB503E5C3EA73 /* Pods-TWAQI.debug.xcconfig */,
				D2A76960C78240C199D174A5 /* Pods-TWAQI.release.xcconfig */,
				9EAF6D2B799535C450BD0580 /* Pods-OneSignalNotificationServiceExtension.debug.xcconfig */,
				437631D7D7C9B18A5CECB5C3 /* Pods-OneSignalNotificationServiceExtension.release.xcconfig */,
			);
			path = Pods;
			sourceTree = "<group>";
		};
/* End PBXGroup section */

/* Begin PBXNativeTarget section */
		9E1AC537233F981700AC862D /* TWAQI */ = {
			isa = PBXNativeTarget;
			buildConfigurationList = 9E1AC54C233F981900AC862D /* Build configuration list for PBXNativeTarget "TWAQI" */;
			buildPhases = (
				F325A4A10B9FB5D16F8BF4E7 /* [CP] Check Pods Manifest.lock */,
				9E1AC534233F981700AC862D /* Sources */,
				9E1AC535233F981700AC862D /* Frameworks */,
				9E1AC536233F981700AC862D /* Resources */,
				9EFE2DFC23419BBC007B7723 /* ShellScript */,
				C5D0E6ADAEF6BA2F4785E9F3 /* [CP] Embed Pods Frameworks */,
				9EC6BB27235B590500213041 /* Embed App Extensions */,
			);
			buildRules = (
			);
			dependencies = (
				9EC6BB22235B590500213041 /* PBXTargetDependency */,
			);
			name = TWAQI;
			packageProductDependencies = (
				9E205FCA2354AD3300C6D3C1 /* SwiftUICharts */,
			);
			productName = TWAQI;
			productReference = 9E1AC538233F981700AC862D /* TWAQI.app */;
			productType = "com.apple.product-type.application";
		};
		9EC6BB1B235B590500213041 /* OneSignalNotificationServiceExtension */ = {
			isa = PBXNativeTarget;
			buildConfigurationList = 9EC6BB24235B590500213041 /* Build configuration list for PBXNativeTarget "OneSignalNotificationServiceExtension" */;
			buildPhases = (
				9E42A2F81DAB4433795A8DEB /* [CP] Check Pods Manifest.lock */,
				9EC6BB18235B590500213041 /* Sources */,
				9EC6BB19235B590500213041 /* Frameworks */,
				9EC6BB1A235B590500213041 /* Resources */,
			);
			buildRules = (
			);
			dependencies = (
			);
			name = OneSignalNotificationServiceExtension;
			productName = OneSignalNotificationServiceExtension;
			productReference = 9EC6BB1C235B590500213041 /* OneSignalNotificationServiceExtension.appex */;
			productType = "com.apple.product-type.app-extension";
		};
/* End PBXNativeTarget section */

/* Begin PBXProject section */
		9E1AC530233F981700AC862D /* Project object */ = {
			isa = PBXProject;
			attributes = {
				LastSwiftUpdateCheck = 1120;
				LastUpgradeCheck = 1100;
				ORGANIZATIONNAME = kf;
				TargetAttributes = {
					9E1AC537233F981700AC862D = {
						CreatedOnToolsVersion = 11.0;
					};
					9EC6BB1B235B590500213041 = {
						CreatedOnToolsVersion = 11.2;
					};
				};
			};
			buildConfigurationList = 9E1AC533233F981700AC862D /* Build configuration list for PBXProject "TWAQI" */;
			compatibilityVersion = "Xcode 9.3";
			developmentRegion = en;
			hasScannedForEncodings = 0;
			knownRegions = (
				en,
				Base,
			);
			mainGroup = 9E1AC52F233F981700AC862D;
			packageReferences = (
				9E205FC92354AD3200C6D3C1 /* XCRemoteSwiftPackageReference "ChartView" */,
			);
			productRefGroup = 9E1AC539233F981700AC862D /* Products */;
			projectDirPath = "";
			projectRoot = "";
			targets = (
				9E1AC537233F981700AC862D /* TWAQI */,
				9EC6BB1B235B590500213041 /* OneSignalNotificationServiceExtension */,
			);
		};
/* End PBXProject section */

/* Begin PBXResourcesBuildPhase section */
		9E1AC536233F981700AC862D /* Resources */ = {
			isa = PBXResourcesBuildPhase;
			buildActionMask = 2147483647;
			files = (
				9E5257A42342FE57001ECFE1 /* Indexes.json in Resources */,
				9E1AC548233F981900AC862D /* LaunchScreen.storyboard in Resources */,
				9E978F1E235B0A0300C66A03 /* stations.json in Resources */,
				9E978F162357808100C66A03 /* GoogleService-Info.plist in Resources */,
				9E1AC545233F981900AC862D /* Preview Assets.xcassets in Resources */,
				9E1AC542233F981900AC862D /* Assets.xcassets in Resources */,
			);
			runOnlyForDeploymentPostprocessing = 0;
		};
		9EC6BB1A235B590500213041 /* Resources */ = {
			isa = PBXResourcesBuildPhase;
			buildActionMask = 2147483647;
			files = (
			);
			runOnlyForDeploymentPostprocessing = 0;
		};
/* End PBXResourcesBuildPhase section */

/* Begin PBXShellScriptBuildPhase section */
		9E42A2F81DAB4433795A8DEB /* [CP] Check Pods Manifest.lock */ = {
			isa = PBXShellScriptBuildPhase;
			buildActionMask = 2147483647;
			files = (
			);
			inputFileListPaths = (
			);
			inputPaths = (
				"${PODS_PODFILE_DIR_PATH}/Podfile.lock",
				"${PODS_ROOT}/Manifest.lock",
			);
			name = "[CP] Check Pods Manifest.lock";
			outputFileListPaths = (
			);
			outputPaths = (
				"$(DERIVED_FILE_DIR)/Pods-OneSignalNotificationServiceExtension-checkManifestLockResult.txt",
			);
			runOnlyForDeploymentPostprocessing = 0;
			shellPath = /bin/sh;
			shellScript = "diff \"${PODS_PODFILE_DIR_PATH}/Podfile.lock\" \"${PODS_ROOT}/Manifest.lock\" > /dev/null\nif [ $? != 0 ] ; then\n    # print error to STDERR\n    echo \"error: The sandbox is not in sync with the Podfile.lock. Run 'pod install' or update your CocoaPods installation.\" >&2\n    exit 1\nfi\n# This output is used by Xcode 'outputs' to avoid re-running this script phase.\necho \"SUCCESS\" > \"${SCRIPT_OUTPUT_FILE_0}\"\n";
			showEnvVarsInLog = 0;
		};
		9EFE2DFC23419BBC007B7723 /* ShellScript */ = {
			isa = PBXShellScriptBuildPhase;
			buildActionMask = 2147483647;
			files = (
			);
			inputFileListPaths = (
			);
			inputPaths = (
			);
			outputFileListPaths = (
			);
			outputPaths = (
			);
			runOnlyForDeploymentPostprocessing = 0;
			shellPath = /bin/sh;
			shellScript = "# Type a script or drag a script file from your workspace to insert its path.\nif which swiftlint >/dev/null; then\n  swiftlint\nelse\n  echo \"warning: SwiftLint not installed, download from https://github.com/realm/SwiftLint\"\nfi\n";
		};
		C5D0E6ADAEF6BA2F4785E9F3 /* [CP] Embed Pods Frameworks */ = {
			isa = PBXShellScriptBuildPhase;
			buildActionMask = 2147483647;
			files = (
			);
			inputFileListPaths = (
				"${PODS_ROOT}/Target Support Files/Pods-TWAQI/Pods-TWAQI-frameworks-${CONFIGURATION}-input-files.xcfilelist",
			);
			name = "[CP] Embed Pods Frameworks";
			outputFileListPaths = (
				"${PODS_ROOT}/Target Support Files/Pods-TWAQI/Pods-TWAQI-frameworks-${CONFIGURATION}-output-files.xcfilelist",
			);
			runOnlyForDeploymentPostprocessing = 0;
			shellPath = /bin/sh;
			shellScript = "\"${PODS_ROOT}/Target Support Files/Pods-TWAQI/Pods-TWAQI-frameworks.sh\"\n";
			showEnvVarsInLog = 0;
		};
		F325A4A10B9FB5D16F8BF4E7 /* [CP] Check Pods Manifest.lock */ = {
			isa = PBXShellScriptBuildPhase;
			buildActionMask = 2147483647;
			files = (
			);
			inputFileListPaths = (
			);
			inputPaths = (
				"${PODS_PODFILE_DIR_PATH}/Podfile.lock",
				"${PODS_ROOT}/Manifest.lock",
			);
			name = "[CP] Check Pods Manifest.lock";
			outputFileListPaths = (
			);
			outputPaths = (
				"$(DERIVED_FILE_DIR)/Pods-TWAQI-checkManifestLockResult.txt",
			);
			runOnlyForDeploymentPostprocessing = 0;
			shellPath = /bin/sh;
			shellScript = "diff \"${PODS_PODFILE_DIR_PATH}/Podfile.lock\" \"${PODS_ROOT}/Manifest.lock\" > /dev/null\nif [ $? != 0 ] ; then\n    # print error to STDERR\n    echo \"error: The sandbox is not in sync with the Podfile.lock. Run 'pod install' or update your CocoaPods installation.\" >&2\n    exit 1\nfi\n# This output is used by Xcode 'outputs' to avoid re-running this script phase.\necho \"SUCCESS\" > \"${SCRIPT_OUTPUT_FILE_0}\"\n";
			showEnvVarsInLog = 0;
		};
/* End PBXShellScriptBuildPhase section */

/* Begin PBXSourcesBuildPhase section */
		9E1AC534233F981700AC862D /* Sources */ = {
			isa = PBXSourcesBuildPhase;
			buildActionMask = 2147483647;
			files = (
				9E1AC552233F99BC00AC862D /* Common.swift in Sources */,
				9E978F1A235ABB0500C66A03 /* Constants.swift in Sources */,
				9E8B63A5234CEA6300C206C8 /* MapView.swift in Sources */,
				9EFE2E0223423D74007B7723 /* SettingsGroup.swift in Sources */,
				9E5257B22344AA12001ECFE1 /* Stations.swift in Sources */,
				9E794A62234083700064D874 /* Indicator.swift in Sources */,
				9EC5960C2351BF7800B8AA99 /* getEnv.swift in Sources */,
				9E1AC53C233F981700AC862D /* AppDelegate.swift in Sources */,
				9E1AC561233F9A8500AC862D /* DetailsView.swift in Sources */,
				9EC596102351C87100B8AA99 /* ForecastViewModel.swift in Sources */,
				9E1AC53E233F981700AC862D /* SceneDelegate.swift in Sources */,
				9E978F18235780D900C66A03 /* GADBannerView.swift in Sources */,
				9E5257AA2343064F001ECFE1 /* IndexSelector.swift in Sources */,
				9E01F533235C30A400BC3486 /* SettingsViewModel.swift in Sources */,
				9E205FC62353759100C6D3C1 /* DetailsViewModel.swift in Sources */,
				9E794A642340993C0064D874 /* DetailsRow.swift in Sources */,
				9EE9E6BE235C8F150046A590 /* SettingsStore.swift in Sources */,
				9E5257B02344A676001ECFE1 /* Pollutants.swift in Sources */,
				9EC5960E2351C29F00B8AA99 /* Landmark.swift in Sources */,
				9E1AC558233F9A1800AC862D /* SettingsView.swift in Sources */,
				9E1AC567233FB0A400AC862D /* HexColors.swift in Sources */,
				9E205FC823537F7000C6D3C1 /* HistoryPollutant.swift in Sources */,
				9E1AC55B233F9A3900AC862D /* ForecastView.swift in Sources */,
				9EFE2E0423425053007B7723 /* DetailsGroup.swift in Sources */,
				9E01F535235C3E1900BC3486 /* OneSignalSettings.swift in Sources */,
				9E1AC55E233F9A5000AC862D /* HelpView.swift in Sources */,
				9E5257A8234305D6001ECFE1 /* Index.swift in Sources */,
				9EC596132351CF4400B8AA99 /* ForecastArea.swift in Sources */,
				9E794A692340A6090064D874 /* SettingsRow.swift in Sources */,
				9EC3CF22235F3B0B00F17332 /* LabelView.swift in Sources */,
				9E1AC564233F9AC100AC862D /* DetailsListView.swift in Sources */,
				9EC6BB17235B462B00213041 /* SafariView.swift in Sources */,
				9E1AC555233F99F600AC862D /* MainView.swift in Sources */,
				9E1AC540233F981700AC862D /* ContentView.swift in Sources */,
				9E978F1C235AFA7000C66A03 /* DataManager.swift in Sources */,
				9E978F20235B0CDC00C66A03 /* StationGroups.swift in Sources */,
				9EC3CF20235E0EF100F17332 /* Separator.swift in Sources */,
				9E205FC423536C6A00C6D3C1 /* DetailsHistoryView.swift in Sources */,
				9E205FCD2354B5E900C6D3C1 /* DetailsSuggestionView.swift in Sources */,
				9E5257AC23449FD1001ECFE1 /* MainViewModel.swift in Sources */,
			);
			runOnlyForDeploymentPostprocessing = 0;
		};
		9EC6BB18235B590500213041 /* Sources */ = {
			isa = PBXSourcesBuildPhase;
			buildActionMask = 2147483647;
			files = (
				9EC6BB1F235B590500213041 /* NotificationService.swift in Sources */,
			);
			runOnlyForDeploymentPostprocessing = 0;
		};
/* End PBXSourcesBuildPhase section */

/* Begin PBXTargetDependency section */
		9EC6BB22235B590500213041 /* PBXTargetDependency */ = {
			isa = PBXTargetDependency;
			target = 9EC6BB1B235B590500213041 /* OneSignalNotificationServiceExtension */;
			targetProxy = 9EC6BB21235B590500213041 /* PBXContainerItemProxy */;
		};
/* End PBXTargetDependency section */

/* Begin PBXVariantGroup section */
		9E1AC546233F981900AC862D /* LaunchScreen.storyboard */ = {
			isa = PBXVariantGroup;
			children = (
				9E1AC547233F981900AC862D /* Base */,
			);
			name = LaunchScreen.storyboard;
			sourceTree = "<group>";
		};
/* End PBXVariantGroup section */

/* Begin XCBuildConfiguration section */
		9E1AC54A233F981900AC862D /* Debug */ = {
			isa = XCBuildConfiguration;
			baseConfigurationReference = 9EC596112351C94900B8AA99 /* debug.xcconfig */;
			buildSettings = {
				ALWAYS_SEARCH_USER_PATHS = NO;
				CLANG_ANALYZER_NONNULL = YES;
				CLANG_ANALYZER_NUMBER_OBJECT_CONVERSION = YES_AGGRESSIVE;
				CLANG_CXX_LANGUAGE_STANDARD = "gnu++14";
				CLANG_CXX_LIBRARY = "libc++";
				CLANG_ENABLE_MODULES = YES;
				CLANG_ENABLE_OBJC_ARC = YES;
				CLANG_ENABLE_OBJC_WEAK = YES;
				CLANG_WARN_BLOCK_CAPTURE_AUTORELEASING = YES;
				CLANG_WARN_BOOL_CONVERSION = YES;
				CLANG_WARN_COMMA = YES;
				CLANG_WARN_CONSTANT_CONVERSION = YES;
				CLANG_WARN_DEPRECATED_OBJC_IMPLEMENTATIONS = YES;
				CLANG_WARN_DIRECT_OBJC_ISA_USAGE = YES_ERROR;
				CLANG_WARN_DOCUMENTATION_COMMENTS = YES;
				CLANG_WARN_EMPTY_BODY = YES;
				CLANG_WARN_ENUM_CONVERSION = YES;
				CLANG_WARN_INFINITE_RECURSION = YES;
				CLANG_WARN_INT_CONVERSION = YES;
				CLANG_WARN_NON_LITERAL_NULL_CONVERSION = YES;
				CLANG_WARN_OBJC_IMPLICIT_RETAIN_SELF = YES;
				CLANG_WARN_OBJC_LITERAL_CONVERSION = YES;
				CLANG_WARN_OBJC_ROOT_CLASS = YES_ERROR;
				CLANG_WARN_RANGE_LOOP_ANALYSIS = YES;
				CLANG_WARN_STRICT_PROTOTYPES = YES;
				CLANG_WARN_SUSPICIOUS_MOVE = YES;
				CLANG_WARN_UNGUARDED_AVAILABILITY = YES_AGGRESSIVE;
				CLANG_WARN_UNREACHABLE_CODE = YES;
				CLANG_WARN__DUPLICATE_METHOD_MATCH = YES;
				COPY_PHASE_STRIP = NO;
				DEBUG_INFORMATION_FORMAT = dwarf;
				ENABLE_STRICT_OBJC_MSGSEND = YES;
				ENABLE_TESTABILITY = YES;
				GCC_C_LANGUAGE_STANDARD = gnu11;
				GCC_DYNAMIC_NO_PIC = NO;
				GCC_NO_COMMON_BLOCKS = YES;
				GCC_OPTIMIZATION_LEVEL = 0;
				GCC_PREPROCESSOR_DEFINITIONS = (
					"DEBUG=1",
					"$(inherited)",
				);
				GCC_WARN_64_TO_32_BIT_CONVERSION = YES;
				GCC_WARN_ABOUT_RETURN_TYPE = YES_ERROR;
				GCC_WARN_UNDECLARED_SELECTOR = YES;
				GCC_WARN_UNINITIALIZED_AUTOS = YES_AGGRESSIVE;
				GCC_WARN_UNUSED_FUNCTION = YES;
				GCC_WARN_UNUSED_VARIABLE = YES;
				IPHONEOS_DEPLOYMENT_TARGET = 13.0;
				MTL_ENABLE_DEBUG_INFO = INCLUDE_SOURCE;
				MTL_FAST_MATH = YES;
				ONLY_ACTIVE_ARCH = YES;
				SDKROOT = iphoneos;
				SWIFT_ACTIVE_COMPILATION_CONDITIONS = DEBUG;
				SWIFT_OPTIMIZATION_LEVEL = "-Onone";
			};
			name = Debug;
		};
		9E1AC54B233F981900AC862D /* Release */ = {
			isa = XCBuildConfiguration;
			baseConfigurationReference = 9EC596082351BC5D00B8AA99 /* release.xcconfig */;
			buildSettings = {
				ALWAYS_SEARCH_USER_PATHS = NO;
				CLANG_ANALYZER_NONNULL = YES;
				CLANG_ANALYZER_NUMBER_OBJECT_CONVERSION = YES_AGGRESSIVE;
				CLANG_CXX_LANGUAGE_STANDARD = "gnu++14";
				CLANG_CXX_LIBRARY = "libc++";
				CLANG_ENABLE_MODULES = YES;
				CLANG_ENABLE_OBJC_ARC = YES;
				CLANG_ENABLE_OBJC_WEAK = YES;
				CLANG_WARN_BLOCK_CAPTURE_AUTORELEASING = YES;
				CLANG_WARN_BOOL_CONVERSION = YES;
				CLANG_WARN_COMMA = YES;
				CLANG_WARN_CONSTANT_CONVERSION = YES;
				CLANG_WARN_DEPRECATED_OBJC_IMPLEMENTATIONS = YES;
				CLANG_WARN_DIRECT_OBJC_ISA_USAGE = YES_ERROR;
				CLANG_WARN_DOCUMENTATION_COMMENTS = YES;
				CLANG_WARN_EMPTY_BODY = YES;
				CLANG_WARN_ENUM_CONVERSION = YES;
				CLANG_WARN_INFINITE_RECURSION = YES;
				CLANG_WARN_INT_CONVERSION = YES;
				CLANG_WARN_NON_LITERAL_NULL_CONVERSION = YES;
				CLANG_WARN_OBJC_IMPLICIT_RETAIN_SELF = YES;
				CLANG_WARN_OBJC_LITERAL_CONVERSION = YES;
				CLANG_WARN_OBJC_ROOT_CLASS = YES_ERROR;
				CLANG_WARN_RANGE_LOOP_ANALYSIS = YES;
				CLANG_WARN_STRICT_PROTOTYPES = YES;
				CLANG_WARN_SUSPICIOUS_MOVE = YES;
				CLANG_WARN_UNGUARDED_AVAILABILITY = YES_AGGRESSIVE;
				CLANG_WARN_UNREACHABLE_CODE = YES;
				CLANG_WARN__DUPLICATE_METHOD_MATCH = YES;
				COPY_PHASE_STRIP = NO;
				DEBUG_INFORMATION_FORMAT = "dwarf-with-dsym";
				ENABLE_NS_ASSERTIONS = NO;
				ENABLE_STRICT_OBJC_MSGSEND = YES;
				GCC_C_LANGUAGE_STANDARD = gnu11;
				GCC_NO_COMMON_BLOCKS = YES;
				GCC_WARN_64_TO_32_BIT_CONVERSION = YES;
				GCC_WARN_ABOUT_RETURN_TYPE = YES_ERROR;
				GCC_WARN_UNDECLARED_SELECTOR = YES;
				GCC_WARN_UNINITIALIZED_AUTOS = YES_AGGRESSIVE;
				GCC_WARN_UNUSED_FUNCTION = YES;
				GCC_WARN_UNUSED_VARIABLE = YES;
				IPHONEOS_DEPLOYMENT_TARGET = 13.0;
				MTL_ENABLE_DEBUG_INFO = NO;
				MTL_FAST_MATH = YES;
				SDKROOT = iphoneos;
				SWIFT_COMPILATION_MODE = wholemodule;
				SWIFT_OPTIMIZATION_LEVEL = "-O";
				VALIDATE_PRODUCT = YES;
			};
			name = Release;
		};
		9E1AC54D233F981900AC862D /* Debug */ = {
			isa = XCBuildConfiguration;
			baseConfigurationReference = DF13A9AEE12BB503E5C3EA73 /* Pods-TWAQI.debug.xcconfig */;
			buildSettings = {
				ALWAYS_EMBED_SWIFT_STANDARD_LIBRARIES = YES;
				ASSETCATALOG_COMPILER_APPICON_NAME = AppIcon;
				CODE_SIGN_ENTITLEMENTS = TWAQI/TWAQI.entitlements;
				CODE_SIGN_STYLE = Automatic;
				DEVELOPMENT_ASSET_PATHS = "\"TWAQI/Preview Content\"";
				DEVELOPMENT_TEAM = CC4C8V8BXN;
				ENABLE_PREVIEWS = YES;
				INFOPLIST_FILE = TWAQI/Info.plist;
				LD_RUNPATH_SEARCH_PATHS = (
					"$(inherited)",
					"@executable_path/Frameworks",
				);
				PRODUCT_BUNDLE_IDENTIFIER = com.kfpun.twaqi;
				PRODUCT_NAME = "$(TARGET_NAME)";
				SWIFT_VERSION = 5.0;
				TARGETED_DEVICE_FAMILY = "1,2";
			};
			name = Debug;
		};
		9E1AC54E233F981900AC862D /* Release */ = {
			isa = XCBuildConfiguration;
			baseConfigurationReference = D2A76960C78240C199D174A5 /* Pods-TWAQI.release.xcconfig */;
			buildSettings = {
				ALWAYS_EMBED_SWIFT_STANDARD_LIBRARIES = YES;
				ASSETCATALOG_COMPILER_APPICON_NAME = AppIcon;
				CODE_SIGN_ENTITLEMENTS = TWAQI/TWAQI.entitlements;
				CODE_SIGN_STYLE = Automatic;
				DEVELOPMENT_ASSET_PATHS = "\"TWAQI/Preview Content\"";
				DEVELOPMENT_TEAM = CC4C8V8BXN;
				ENABLE_PREVIEWS = YES;
				INFOPLIST_FILE = TWAQI/Info.plist;
				LD_RUNPATH_SEARCH_PATHS = (
					"$(inherited)",
					"@executable_path/Frameworks",
				);
				PRODUCT_BUNDLE_IDENTIFIER = com.kfpun.twaqi;
				PRODUCT_NAME = "$(TARGET_NAME)";
				SWIFT_VERSION = 5.0;
				TARGETED_DEVICE_FAMILY = "1,2";
			};
			name = Release;
		};
		9EC6BB25235B590500213041 /* Debug */ = {
			isa = XCBuildConfiguration;
			baseConfigurationReference = 9EAF6D2B799535C450BD0580 /* Pods-OneSignalNotificationServiceExtension.debug.xcconfig */;
			buildSettings = {
				CODE_SIGN_ENTITLEMENTS = OneSignalNotificationServiceExtension/OneSignalNotificationServiceExtension.entitlements;
				CODE_SIGN_STYLE = Automatic;
				DEVELOPMENT_TEAM = CC4C8V8BXN;
				INFOPLIST_FILE = OneSignalNotificationServiceExtension/Info.plist;
				IPHONEOS_DEPLOYMENT_TARGET = 13.2;
				LD_RUNPATH_SEARCH_PATHS = (
					"$(inherited)",
					"@executable_path/Frameworks",
					"@executable_path/../../Frameworks",
				);
				PRODUCT_BUNDLE_IDENTIFIER = com.kfpun.twaqi.NotificationServiceExtension;
				PRODUCT_NAME = "$(TARGET_NAME)";
				SKIP_INSTALL = YES;
				SWIFT_VERSION = 5.0;
				TARGETED_DEVICE_FAMILY = "1,2";
			};
			name = Debug;
		};
		9EC6BB26235B590500213041 /* Release */ = {
			isa = XCBuildConfiguration;
			baseConfigurationReference = 437631D7D7C9B18A5CECB5C3 /* Pods-OneSignalNotificationServiceExtension.release.xcconfig */;
			buildSettings = {
				CODE_SIGN_ENTITLEMENTS = OneSignalNotificationServiceExtension/OneSignalNotificationServiceExtension.entitlements;
				CODE_SIGN_STYLE = Automatic;
				DEVELOPMENT_TEAM = CC4C8V8BXN;
				INFOPLIST_FILE = OneSignalNotificationServiceExtension/Info.plist;
				IPHONEOS_DEPLOYMENT_TARGET = 13.2;
				LD_RUNPATH_SEARCH_PATHS = (
					"$(inherited)",
					"@executable_path/Frameworks",
					"@executable_path/../../Frameworks",
				);
				PRODUCT_BUNDLE_IDENTIFIER = com.kfpun.twaqi.NotificationServiceExtension;
				PRODUCT_NAME = "$(TARGET_NAME)";
				SKIP_INSTALL = YES;
				SWIFT_VERSION = 5.0;
				TARGETED_DEVICE_FAMILY = "1,2";
			};
			name = Release;
		};
/* End XCBuildConfiguration section */

/* Begin XCConfigurationList section */
		9E1AC533233F981700AC862D /* Build configuration list for PBXProject "TWAQI" */ = {
			isa = XCConfigurationList;
			buildConfigurations = (
				9E1AC54A233F981900AC862D /* Debug */,
				9E1AC54B233F981900AC862D /* Release */,
			);
			defaultConfigurationIsVisible = 0;
			defaultConfigurationName = Release;
		};
		9E1AC54C233F981900AC862D /* Build configuration list for PBXNativeTarget "TWAQI" */ = {
			isa = XCConfigurationList;
			buildConfigurations = (
				9E1AC54D233F981900AC862D /* Debug */,
				9E1AC54E233F981900AC862D /* Release */,
			);
			defaultConfigurationIsVisible = 0;
			defaultConfigurationName = Release;
		};
		9EC6BB24235B590500213041 /* Build configuration list for PBXNativeTarget "OneSignalNotificationServiceExtension" */ = {
			isa = XCConfigurationList;
			buildConfigurations = (
				9EC6BB25235B590500213041 /* Debug */,
				9EC6BB26235B590500213041 /* Release */,
			);
			defaultConfigurationIsVisible = 0;
			defaultConfigurationName = Release;
		};
/* End XCConfigurationList section */

/* Begin XCRemoteSwiftPackageReference section */
		9E205FC92354AD3200C6D3C1 /* XCRemoteSwiftPackageReference "ChartView" */ = {
			isa = XCRemoteSwiftPackageReference;
			repositoryURL = "https://github.com/AppPear/ChartView";
			requirement = {
				kind = upToNextMajorVersion;
				minimumVersion = 1.3.0;
			};
		};
/* End XCRemoteSwiftPackageReference section */

/* Begin XCSwiftPackageProductDependency section */
		9E205FCA2354AD3300C6D3C1 /* SwiftUICharts */ = {
			isa = XCSwiftPackageProductDependency;
			package = 9E205FC92354AD3200C6D3C1 /* XCRemoteSwiftPackageReference "ChartView" */;
			productName = SwiftUICharts;
		};
/* End XCSwiftPackageProductDependency section */
	};
	rootObject = 9E1AC530233F981700AC862D /* Project object */;
}
