// !$*UTF8*$!
{
	archiveVersion = 1;
	classes = {
	};
	objectVersion = 51;
	objects = {

/* Begin PBXBuildFile section */
		1FC52EFA1B593F93F7CD83DC /* Pods_TWAQI.framework in Frameworks */ = {isa = PBXBuildFile; fileRef = 2B62FC15B7CFF80DF517CBF2 /* Pods_TWAQI.framework */; };
		9E01F535235C3E1900BC3486 /* OneSignalSettings.swift in Sources */ = {isa = PBXBuildFile; fileRef = 9E01F534235C3E1900BC3486 /* OneSignalSettings.swift */; };
		9E03DF5E23965286002F8DA4 /* HistoricalPollutants.swift in Sources */ = {isa = PBXBuildFile; fileRef = 9E03DF5D23965286002F8DA4 /* HistoricalPollutants.swift */; };
		9E03DF5F23965CB0002F8DA4 /* HistoricalPollutants.swift in Sources */ = {isa = PBXBuildFile; fileRef = 9E03DF5D23965286002F8DA4 /* HistoricalPollutants.swift */; };
		9E03DF6123969E54002F8DA4 /* DetailsListViewModel.swift in Sources */ = {isa = PBXBuildFile; fileRef = 9E03DF6023969E54002F8DA4 /* DetailsListViewModel.swift */; };
		9E03DF6423975CF9002F8DA4 /* FavouriteListView.swift in Sources */ = {isa = PBXBuildFile; fileRef = 9E03DF6323975CF9002F8DA4 /* FavouriteListView.swift */; };
		9E03DF6623975D4F002F8DA4 /* FavouriteListViewModel.swift in Sources */ = {isa = PBXBuildFile; fileRef = 9E03DF6523975D4F002F8DA4 /* FavouriteListViewModel.swift */; };
		9E03DF6823975E21002F8DA4 /* FavouriteRow.swift in Sources */ = {isa = PBXBuildFile; fileRef = 9E03DF6723975E21002F8DA4 /* FavouriteRow.swift */; };
		9E03DF6A23994500002F8DA4 /* TaiwanStationsMapper.swift in Sources */ = {isa = PBXBuildFile; fileRef = 9E03DF6923994500002F8DA4 /* TaiwanStationsMapper.swift */; };
		9E03DF6D239B8366002F8DA4 /* CountryListView.swift in Sources */ = {isa = PBXBuildFile; fileRef = 9E03DF6C239B8366002F8DA4 /* CountryListView.swift */; };
		9E03DF6F239B8E89002F8DA4 /* StationListViewModel.swift in Sources */ = {isa = PBXBuildFile; fileRef = 9E03DF6E239B8E89002F8DA4 /* StationListViewModel.swift */; };
		9E08761F2382D75C0060476E /* ContentViewModel.swift in Sources */ = {isa = PBXBuildFile; fileRef = 9E08761E2382D75C0060476E /* ContentViewModel.swift */; };
		9E0876212382DAA50060476E /* UserDefaultsExtension.swift in Sources */ = {isa = PBXBuildFile; fileRef = 9E0876202382DAA50060476E /* UserDefaultsExtension.swift */; };
		9E0876222382DAB00060476E /* UserDefaultsExtension.swift in Sources */ = {isa = PBXBuildFile; fileRef = 9E0876202382DAA50060476E /* UserDefaultsExtension.swift */; };
		9E1AC53C233F981700AC862D /* AppDelegate.swift in Sources */ = {isa = PBXBuildFile; fileRef = 9E1AC53B233F981700AC862D /* AppDelegate.swift */; };
		9E1AC53E233F981700AC862D /* SceneDelegate.swift in Sources */ = {isa = PBXBuildFile; fileRef = 9E1AC53D233F981700AC862D /* SceneDelegate.swift */; };
		9E1AC540233F981700AC862D /* ContentView.swift in Sources */ = {isa = PBXBuildFile; fileRef = 9E1AC53F233F981700AC862D /* ContentView.swift */; };
		9E1AC542233F981900AC862D /* Assets.xcassets in Resources */ = {isa = PBXBuildFile; fileRef = 9E1AC541233F981900AC862D /* Assets.xcassets */; };
		9E1AC545233F981900AC862D /* Preview Assets.xcassets in Resources */ = {isa = PBXBuildFile; fileRef = 9E1AC544233F981900AC862D /* Preview Assets.xcassets */; };
		9E1AC548233F981900AC862D /* LaunchScreen.storyboard in Resources */ = {isa = PBXBuildFile; fileRef = 9E1AC546233F981900AC862D /* LaunchScreen.storyboard */; };
		9E1AC555233F99F600AC862D /* MainView.swift in Sources */ = {isa = PBXBuildFile; fileRef = 9E1AC554233F99F600AC862D /* MainView.swift */; };
		9E1AC55B233F9A3900AC862D /* ForecastView.swift in Sources */ = {isa = PBXBuildFile; fileRef = 9E1AC55A233F9A3900AC862D /* ForecastView.swift */; };
		9E1AC55E233F9A5000AC862D /* HelpView.swift in Sources */ = {isa = PBXBuildFile; fileRef = 9E1AC55D233F9A5000AC862D /* HelpView.swift */; };
		9E1AC561233F9A8500AC862D /* DetailsView.swift in Sources */ = {isa = PBXBuildFile; fileRef = 9E1AC560233F9A8500AC862D /* DetailsView.swift */; };
		9E1AC564233F9AC100AC862D /* DetailsListView.swift in Sources */ = {isa = PBXBuildFile; fileRef = 9E1AC563233F9AC100AC862D /* DetailsListView.swift */; };
		9E1AC567233FB0A400AC862D /* ColorExtensions.swift in Sources */ = {isa = PBXBuildFile; fileRef = 9E1AC566233FB0A400AC862D /* ColorExtensions.swift */; };
		9E1C9B14238974120052E115 /* StringExtension.swift in Sources */ = {isa = PBXBuildFile; fileRef = 9E1C9B13238974120052E115 /* StringExtension.swift */; };
		9E1C9B152389741B0052E115 /* StringExtension.swift in Sources */ = {isa = PBXBuildFile; fileRef = 9E1C9B13238974120052E115 /* StringExtension.swift */; };
		9E1C9B17238997E30052E115 /* ComplicationManager.swift in Sources */ = {isa = PBXBuildFile; fileRef = 9E1C9B16238997E30052E115 /* ComplicationManager.swift */; };
		9E205FC423536C6A00C6D3C1 /* DetailsHistoryView.swift in Sources */ = {isa = PBXBuildFile; fileRef = 9E205FC323536C6A00C6D3C1 /* DetailsHistoryView.swift */; };
		9E205FC62353759100C6D3C1 /* DetailsViewModel.swift in Sources */ = {isa = PBXBuildFile; fileRef = 9E205FC52353759100C6D3C1 /* DetailsViewModel.swift */; };
		9E205FCD2354B5E900C6D3C1 /* DetailsSuggestionView.swift in Sources */ = {isa = PBXBuildFile; fileRef = 9E205FCC2354B5E900C6D3C1 /* DetailsSuggestionView.swift */; };
		9E34B4F2237079F400B6E600 /* TrackingManager.swift in Sources */ = {isa = PBXBuildFile; fileRef = 9E34B4F1237079F400B6E600 /* TrackingManager.swift */; };
		9E34B4F42371B23600B6E600 /* StoreKit.framework in Frameworks */ = {isa = PBXBuildFile; fileRef = 9E34B4F32371B23600B6E600 /* StoreKit.framework */; };
		9E34B4F62371B78600B6E600 /* IAPManager.swift in Sources */ = {isa = PBXBuildFile; fileRef = 9E34B4F52371B78600B6E600 /* IAPManager.swift */; };
		9E34B4F82371CDF900B6E600 /* AdBannerView.swift in Sources */ = {isa = PBXBuildFile; fileRef = 9E34B4F72371CDF900B6E600 /* AdBannerView.swift */; };
		9E34B5012371E7B700B6E600 /* Localizable.strings in Resources */ = {isa = PBXBuildFile; fileRef = 9E34B5032371E7B700B6E600 /* Localizable.strings */; };
		9E4A2F93239B9B6000FFCD09 /* Stations.swift in Sources */ = {isa = PBXBuildFile; fileRef = 9EF3D34523939798009CED32 /* Stations.swift */; };
		9E51276E23AC6DDB00DEA45D /* StoreReviewManager.swift in Sources */ = {isa = PBXBuildFile; fileRef = 9E51276D23AC6DDB00DEA45D /* StoreReviewManager.swift */; };
		9E5257AC23449FD1001ECFE1 /* MainViewModel.swift in Sources */ = {isa = PBXBuildFile; fileRef = 9E5257AB23449FD1001ECFE1 /* MainViewModel.swift */; };
		9E794A62234083700064D874 /* Indicator.swift in Sources */ = {isa = PBXBuildFile; fileRef = 9E794A61234083700064D874 /* Indicator.swift */; };
		9E794A642340993C0064D874 /* DetailsRow.swift in Sources */ = {isa = PBXBuildFile; fileRef = 9E794A632340993C0064D874 /* DetailsRow.swift */; };
		9E794A692340A6090064D874 /* SettingsRow.swift in Sources */ = {isa = PBXBuildFile; fileRef = 9E794A682340A6090064D874 /* SettingsRow.swift */; };
		9E9042EA2372F73200DDD4D9 /* DateExtension.swift in Sources */ = {isa = PBXBuildFile; fileRef = 9E9042E92372F73200DDD4D9 /* DateExtension.swift */; };
		9E910C3A238182FE00B8B316 /* Interface.storyboard in Resources */ = {isa = PBXBuildFile; fileRef = 9E910C38238182FE00B8B316 /* Interface.storyboard */; };
		9E910C3C2381830300B8B316 /* Assets.xcassets in Resources */ = {isa = PBXBuildFile; fileRef = 9E910C3B2381830300B8B316 /* Assets.xcassets */; };
		9E910C432381830300B8B316 /* watch Extension.appex in Embed App Extensions */ = {isa = PBXBuildFile; fileRef = 9E910C422381830300B8B316 /* watch Extension.appex */; settings = {ATTRIBUTES = (RemoveHeadersOnCopy, ); }; };
		9E910C482381830300B8B316 /* ContentView.swift in Sources */ = {isa = PBXBuildFile; fileRef = 9E910C472381830300B8B316 /* ContentView.swift */; };
		9E910C4A2381830400B8B316 /* HostingController.swift in Sources */ = {isa = PBXBuildFile; fileRef = 9E910C492381830400B8B316 /* HostingController.swift */; };
		9E910C4C2381830400B8B316 /* ExtensionDelegate.swift in Sources */ = {isa = PBXBuildFile; fileRef = 9E910C4B2381830400B8B316 /* ExtensionDelegate.swift */; };
		9E910C4E2381830400B8B316 /* NotificationController.swift in Sources */ = {isa = PBXBuildFile; fileRef = 9E910C4D2381830400B8B316 /* NotificationController.swift */; };
		9E910C502381830400B8B316 /* NotificationView.swift in Sources */ = {isa = PBXBuildFile; fileRef = 9E910C4F2381830400B8B316 /* NotificationView.swift */; };
		9E910C522381830500B8B316 /* Assets.xcassets in Resources */ = {isa = PBXBuildFile; fileRef = 9E910C512381830500B8B316 /* Assets.xcassets */; };
		9E910C552381830500B8B316 /* Preview Assets.xcassets in Resources */ = {isa = PBXBuildFile; fileRef = 9E910C542381830500B8B316 /* Preview Assets.xcassets */; };
		9E910C5A2381830500B8B316 /* Taiwan Air.app in Embed Watch Content */ = {isa = PBXBuildFile; fileRef = 9E910C36238182FE00B8B316 /* Taiwan Air.app */; settings = {ATTRIBUTES = (RemoveHeadersOnCopy, ); }; };
		9E910C63238183E600B8B316 /* Assets.xcassets in Resources */ = {isa = PBXBuildFile; fileRef = 9E1AC541233F981900AC862D /* Assets.xcassets */; };
		9E910C662381846A00B8B316 /* SettingsStore.swift in Sources */ = {isa = PBXBuildFile; fileRef = 9E910C652381846A00B8B316 /* SettingsStore.swift */; };
		9E910C682381848E00B8B316 /* StationListView.swift in Sources */ = {isa = PBXBuildFile; fileRef = 9E910C672381848E00B8B316 /* StationListView.swift */; };
		9E910C6B238184BB00B8B316 /* LabelView.swift in Sources */ = {isa = PBXBuildFile; fileRef = 9EC3CF21235F3B0B00F17332 /* LabelView.swift */; };
		9E910C6C238184D600B8B316 /* AirIndexTypes.swift in Sources */ = {isa = PBXBuildFile; fileRef = 9E942E352372BFDA0010915D /* AirIndexTypes.swift */; };
		9E910C6D238184D900B8B316 /* AirStatusTypes.swift in Sources */ = {isa = PBXBuildFile; fileRef = 9E942E372372C0380010915D /* AirStatusTypes.swift */; };
		9E910C6E238184FA00B8B316 /* NumberExtensions.swift in Sources */ = {isa = PBXBuildFile; fileRef = 9EA1BC682365CC0F008C3942 /* NumberExtensions.swift */; };
		9E910C6F2381850B00B8B316 /* DataManager.swift in Sources */ = {isa = PBXBuildFile; fileRef = 9E978F1B235AFA7000C66A03 /* DataManager.swift */; };
		9E910C702381850E00B8B316 /* stations.json in Resources */ = {isa = PBXBuildFile; fileRef = 9E978F1D235B0A0300C66A03 /* stations.json */; };
		9E910C7123818B0100B8B316 /* ColorExtensions.swift in Sources */ = {isa = PBXBuildFile; fileRef = 9E1AC566233FB0A400AC862D /* ColorExtensions.swift */; };
		9E910C7223818EC600B8B316 /* Localizable.strings in Resources */ = {isa = PBXBuildFile; fileRef = 9E34B5032371E7B700B6E600 /* Localizable.strings */; };
		9E942E342372BAB10010915D /* AreaGroups.swift in Sources */ = {isa = PBXBuildFile; fileRef = 9E942E332372BAB10010915D /* AreaGroups.swift */; };
		9E942E362372BFDA0010915D /* AirIndexTypes.swift in Sources */ = {isa = PBXBuildFile; fileRef = 9E942E352372BFDA0010915D /* AirIndexTypes.swift */; };
		9E942E382372C0380010915D /* AirStatusTypes.swift in Sources */ = {isa = PBXBuildFile; fileRef = 9E942E372372C0380010915D /* AirStatusTypes.swift */; };
		9E942E3A2372C3B20010915D /* LinkPages.swift in Sources */ = {isa = PBXBuildFile; fileRef = 9E942E392372C3B20010915D /* LinkPages.swift */; };
		9E942E3C2372CA4B0010915D /* LocaleExtension.swift in Sources */ = {isa = PBXBuildFile; fileRef = 9E942E3B2372CA4B0010915D /* LocaleExtension.swift */; };
		9E96B52B23892C7B00EEA5B9 /* ComplicationController.swift in Sources */ = {isa = PBXBuildFile; fileRef = 9E96B52A23892C7B00EEA5B9 /* ComplicationController.swift */; };
		9E978F162357808100C66A03 /* GoogleService-Info.plist in Resources */ = {isa = PBXBuildFile; fileRef = 9E978F152357808100C66A03 /* GoogleService-Info.plist */; };
		9E978F18235780D900C66A03 /* GADBannerView.swift in Sources */ = {isa = PBXBuildFile; fileRef = 9E978F17235780D900C66A03 /* GADBannerView.swift */; };
		9E978F1C235AFA7000C66A03 /* DataManager.swift in Sources */ = {isa = PBXBuildFile; fileRef = 9E978F1B235AFA7000C66A03 /* DataManager.swift */; };
		9E978F1E235B0A0300C66A03 /* stations.json in Resources */ = {isa = PBXBuildFile; fileRef = 9E978F1D235B0A0300C66A03 /* stations.json */; };
		9EA1BC6523657D73008C3942 /* Forecast3DaysView.swift in Sources */ = {isa = PBXBuildFile; fileRef = 9EA1BC6423657D73008C3942 /* Forecast3DaysView.swift */; };
		9EA1BC6723657EC8008C3942 /* ForecastDetailView.swift in Sources */ = {isa = PBXBuildFile; fileRef = 9EA1BC6623657EC8008C3942 /* ForecastDetailView.swift */; };
		9EA1BC692365CC0F008C3942 /* NumberExtensions.swift in Sources */ = {isa = PBXBuildFile; fileRef = 9EA1BC682365CC0F008C3942 /* NumberExtensions.swift */; };
		9EA1BC6D2369B907008C3942 /* SettingsRowViewModel.swift in Sources */ = {isa = PBXBuildFile; fileRef = 9EA1BC6C2369B907008C3942 /* SettingsRowViewModel.swift */; };
		9EA1BC6F236D870C008C3942 /* GoogleMapController.swift in Sources */ = {isa = PBXBuildFile; fileRef = 9EA1BC6E236D870C008C3942 /* GoogleMapController.swift */; };
		9EA1BC71236DDA2D008C3942 /* Marker.swift in Sources */ = {isa = PBXBuildFile; fileRef = 9EA1BC70236DDA2D008C3942 /* Marker.swift */; };
		9EA1BC73236EAC0A008C3942 /* GoogleMapStyles.swift in Sources */ = {isa = PBXBuildFile; fileRef = 9EA1BC72236EAC0A008C3942 /* GoogleMapStyles.swift */; };
		9EAB27F42379180600AEAF5A /* WindModeButton.swift in Sources */ = {isa = PBXBuildFile; fileRef = 9EAB27F32379180600AEAF5A /* WindModeButton.swift */; };
		9EC3CF20235E0EF100F17332 /* Separator.swift in Sources */ = {isa = PBXBuildFile; fileRef = 9EC3CF1F235E0EF100F17332 /* Separator.swift */; };
		9EC3CF22235F3B0B00F17332 /* LabelView.swift in Sources */ = {isa = PBXBuildFile; fileRef = 9EC3CF21235F3B0B00F17332 /* LabelView.swift */; };
		9EC3CF262360A81300F17332 /* BarsView.swift in Sources */ = {isa = PBXBuildFile; fileRef = 9EC3CF252360A81300F17332 /* BarsView.swift */; };
		9EC5960C2351BF7800B8AA99 /* getEnv.swift in Sources */ = {isa = PBXBuildFile; fileRef = 9EC5960B2351BF7800B8AA99 /* getEnv.swift */; };
		9EC596102351C87100B8AA99 /* ForecastViewModel.swift in Sources */ = {isa = PBXBuildFile; fileRef = 9EC5960F2351C87100B8AA99 /* ForecastViewModel.swift */; };
		9EC596132351CF4400B8AA99 /* ForecastArea.swift in Sources */ = {isa = PBXBuildFile; fileRef = 9EC596122351CF4400B8AA99 /* ForecastArea.swift */; };
		9EC6BB17235B462B00213041 /* SafariView.swift in Sources */ = {isa = PBXBuildFile; fileRef = 9EC6BB16235B462B00213041 /* SafariView.swift */; };
		9EC6BB1F235B590500213041 /* NotificationService.swift in Sources */ = {isa = PBXBuildFile; fileRef = 9EC6BB1E235B590500213041 /* NotificationService.swift */; };
		9EC6BB23235B590500213041 /* OneSignalNotificationServiceExtension.appex in Embed App Extensions */ = {isa = PBXBuildFile; fileRef = 9EC6BB1C235B590500213041 /* OneSignalNotificationServiceExtension.appex */; settings = {ATTRIBUTES = (RemoveHeadersOnCopy, ); }; };
		9EC8999223828BE1000D986C /* getEnv.swift in Sources */ = {isa = PBXBuildFile; fileRef = 9EC5960B2351BF7800B8AA99 /* getEnv.swift */; };
		9EDBA6EA2363284E009B4CC4 /* ImageExtensions.swift in Sources */ = {isa = PBXBuildFile; fileRef = 9EDBA6E92363284E009B4CC4 /* ImageExtensions.swift */; };
		9EDBA6EC236431C3009B4CC4 /* OneSignalManager.swift in Sources */ = {isa = PBXBuildFile; fileRef = 9EDBA6EB236431C3009B4CC4 /* OneSignalManager.swift */; };
		9EDBA6EE23649079009B4CC4 /* APIManager.swift in Sources */ = {isa = PBXBuildFile; fileRef = 9EDBA6ED23649079009B4CC4 /* APIManager.swift */; };
		9EDD956D2385941200420116 /* CustomAd.swift in Sources */ = {isa = PBXBuildFile; fileRef = 9EDD956C2385941200420116 /* CustomAd.swift */; };
		9EDD956F2385953700420116 /* CustomAdView.swift in Sources */ = {isa = PBXBuildFile; fileRef = 9EDD956E2385953700420116 /* CustomAdView.swift */; };
		9EDF685723838CDA00B08589 /* MyLocationButton.swift in Sources */ = {isa = PBXBuildFile; fileRef = 9EDF685623838CDA00B08589 /* MyLocationButton.swift */; };
		9EDF685923838CEE00B08589 /* DefaultLocationButton.swift in Sources */ = {isa = PBXBuildFile; fileRef = 9EDF685823838CEE00B08589 /* DefaultLocationButton.swift */; };
		9EDF685A23843B1400B08589 /* LocaleExtension.swift in Sources */ = {isa = PBXBuildFile; fileRef = 9E942E3B2372CA4B0010915D /* LocaleExtension.swift */; };
		9EE9E6BE235C8F150046A590 /* SettingsStore.swift in Sources */ = {isa = PBXBuildFile; fileRef = 9EE9E6BD235C8F150046A590 /* SettingsStore.swift */; };
		9EF2501523766BC000A731D5 /* ClosestStationView.swift in Sources */ = {isa = PBXBuildFile; fileRef = 9EF2501423766BC000A731D5 /* ClosestStationView.swift */; };
		9EF250172376702100A731D5 /* AirStatusBarView.swift in Sources */ = {isa = PBXBuildFile; fileRef = 9EF250162376702100A731D5 /* AirStatusBarView.swift */; };
		9EF250192376B95D00A731D5 /* DefinitionPages.swift in Sources */ = {isa = PBXBuildFile; fileRef = 9EF250182376B95D00A731D5 /* DefinitionPages.swift */; };
		9EF3D34423939281009CED32 /* Countries.swift in Sources */ = {isa = PBXBuildFile; fileRef = 9EF3D34323939281009CED32 /* Countries.swift */; };
		9EF3D34623939798009CED32 /* Stations.swift in Sources */ = {isa = PBXBuildFile; fileRef = 9EF3D34523939798009CED32 /* Stations.swift */; };
		9EF3D3482393B318009CED32 /* APIResponses.swift in Sources */ = {isa = PBXBuildFile; fileRef = 9EF3D3472393B318009CED32 /* APIResponses.swift */; };
		9EF3D3492393B5C8009CED32 /* APIManager.swift in Sources */ = {isa = PBXBuildFile; fileRef = 9EDBA6ED23649079009B4CC4 /* APIManager.swift */; };
		9EF3D34A2393B5CB009CED32 /* APIResponses.swift in Sources */ = {isa = PBXBuildFile; fileRef = 9EF3D3472393B318009CED32 /* APIResponses.swift */; };
		9EF3D34B2393B631009CED32 /* Countries.swift in Sources */ = {isa = PBXBuildFile; fileRef = 9EF3D34323939281009CED32 /* Countries.swift */; };
		9EF3D34E2393B64C009CED32 /* CustomAd.swift in Sources */ = {isa = PBXBuildFile; fileRef = 9EDD956C2385941200420116 /* CustomAd.swift */; };
		9EF3D34F2393B65B009CED32 /* ForecastArea.swift in Sources */ = {isa = PBXBuildFile; fileRef = 9EC596122351CF4400B8AA99 /* ForecastArea.swift */; };
		9EF3D3512393B9C6009CED32 /* Pollutants.swift in Sources */ = {isa = PBXBuildFile; fileRef = 9EF3D3502393B9C6009CED32 /* Pollutants.swift */; };
		9EF3D3532393E9BF009CED32 /* CountryPollutants.swift in Sources */ = {isa = PBXBuildFile; fileRef = 9EF3D3522393E9BF009CED32 /* CountryPollutants.swift */; };
		9EF3D3542393EB35009CED32 /* Pollutants.swift in Sources */ = {isa = PBXBuildFile; fileRef = 9EF3D3502393B9C6009CED32 /* Pollutants.swift */; };
		9EF7A32A2386FC8700FF410C /* HelpViewModel.swift in Sources */ = {isa = PBXBuildFile; fileRef = 9EF7A3292386FC8700FF410C /* HelpViewModel.swift */; };
		9EFCDAB7237809CA00EA2203 /* IndexSelectorView.swift in Sources */ = {isa = PBXBuildFile; fileRef = 9EFCDAB6237809CA00EA2203 /* IndexSelectorView.swift */; };
		AEAF311CBA65697B61E2412E /* Pods_OneSignalNotificationServiceExtension.framework in Frameworks */ = {isa = PBXBuildFile; fileRef = 31DB7B3D7441B51A8F0D30E5 /* Pods_OneSignalNotificationServiceExtension.framework */; };
		F48798B8115BA8194090FBD1 /* Pods_watch_Extension.framework in Frameworks */ = {isa = PBXBuildFile; fileRef = AF699C6EE2E0E05B5E6BFAB0 /* Pods_watch_Extension.framework */; };
/* End PBXBuildFile section */

/* Begin PBXContainerItemProxy section */
		9E910C442381830300B8B316 /* PBXContainerItemProxy */ = {
			isa = PBXContainerItemProxy;
			containerPortal = 9E1AC530233F981700AC862D /* Project object */;
			proxyType = 1;
			remoteGlobalIDString = 9E910C412381830300B8B316;
			remoteInfo = "watch Extension";
		};
		9E910C582381830500B8B316 /* PBXContainerItemProxy */ = {
			isa = PBXContainerItemProxy;
			containerPortal = 9E1AC530233F981700AC862D /* Project object */;
			proxyType = 1;
			remoteGlobalIDString = 9E910C35238182FE00B8B316;
			remoteInfo = watch;
		};
		9EC6BB21235B590500213041 /* PBXContainerItemProxy */ = {
			isa = PBXContainerItemProxy;
			containerPortal = 9E1AC530233F981700AC862D /* Project object */;
			proxyType = 1;
			remoteGlobalIDString = 9EC6BB1B235B590500213041;
			remoteInfo = OneSignalNotificationServiceExtension;
		};
/* End PBXContainerItemProxy section */

/* Begin PBXCopyFilesBuildPhase section */
		9E910C5B2381830500B8B316 /* Embed Watch Content */ = {
			isa = PBXCopyFilesBuildPhase;
			buildActionMask = 2147483647;
			dstPath = "$(CONTENTS_FOLDER_PATH)/Watch";
			dstSubfolderSpec = 16;
			files = (
				9E910C5A2381830500B8B316 /* Taiwan Air.app in Embed Watch Content */,
			);
			name = "Embed Watch Content";
			runOnlyForDeploymentPostprocessing = 0;
		};
		9E910C5E2381830500B8B316 /* Embed App Extensions */ = {
			isa = PBXCopyFilesBuildPhase;
			buildActionMask = 2147483647;
			dstPath = "";
			dstSubfolderSpec = 13;
			files = (
				9E910C432381830300B8B316 /* watch Extension.appex in Embed App Extensions */,
			);
			name = "Embed App Extensions";
			runOnlyForDeploymentPostprocessing = 0;
		};
		9EC6BB27235B590500213041 /* Embed App Extensions */ = {
			isa = PBXCopyFilesBuildPhase;
			buildActionMask = 2147483647;
			dstPath = "";
			dstSubfolderSpec = 13;
			files = (
				9EC6BB23235B590500213041 /* OneSignalNotificationServiceExtension.appex in Embed App Extensions */,
			);
			name = "Embed App Extensions";
			runOnlyForDeploymentPostprocessing = 0;
		};
/* End PBXCopyFilesBuildPhase section */

/* Begin PBXFileReference section */
		2B62FC15B7CFF80DF517CBF2 /* Pods_TWAQI.framework */ = {isa = PBXFileReference; explicitFileType = wrapper.framework; includeInIndex = 0; path = Pods_TWAQI.framework; sourceTree = BUILT_PRODUCTS_DIR; };
		31DB7B3D7441B51A8F0D30E5 /* Pods_OneSignalNotificationServiceExtension.framework */ = {isa = PBXFileReference; explicitFileType = wrapper.framework; includeInIndex = 0; path = Pods_OneSignalNotificationServiceExtension.framework; sourceTree = BUILT_PRODUCTS_DIR; };
		437631D7D7C9B18A5CECB5C3 /* Pods-OneSignalNotificationServiceExtension.release.xcconfig */ = {isa = PBXFileReference; includeInIndex = 1; lastKnownFileType = text.xcconfig; name = "Pods-OneSignalNotificationServiceExtension.release.xcconfig"; path = "Target Support Files/Pods-OneSignalNotificationServiceExtension/Pods-OneSignalNotificationServiceExtension.release.xcconfig"; sourceTree = "<group>"; };
		93EEC8B07FC43D68445B068E /* Pods-watch Extension.debug.xcconfig */ = {isa = PBXFileReference; includeInIndex = 1; lastKnownFileType = text.xcconfig; name = "Pods-watch Extension.debug.xcconfig"; path = "Target Support Files/Pods-watch Extension/Pods-watch Extension.debug.xcconfig"; sourceTree = "<group>"; };
		9E01F534235C3E1900BC3486 /* OneSignalSettings.swift */ = {isa = PBXFileReference; lastKnownFileType = sourcecode.swift; path = OneSignalSettings.swift; sourceTree = "<group>"; };
		9E03DF5D23965286002F8DA4 /* HistoricalPollutants.swift */ = {isa = PBXFileReference; lastKnownFileType = sourcecode.swift; path = HistoricalPollutants.swift; sourceTree = "<group>"; };
		9E03DF6023969E54002F8DA4 /* DetailsListViewModel.swift */ = {isa = PBXFileReference; lastKnownFileType = sourcecode.swift; path = DetailsListViewModel.swift; sourceTree = "<group>"; };
		9E03DF6323975CF9002F8DA4 /* FavouriteListView.swift */ = {isa = PBXFileReference; lastKnownFileType = sourcecode.swift; path = FavouriteListView.swift; sourceTree = "<group>"; };
		9E03DF6523975D4F002F8DA4 /* FavouriteListViewModel.swift */ = {isa = PBXFileReference; lastKnownFileType = sourcecode.swift; path = FavouriteListViewModel.swift; sourceTree = "<group>"; };
		9E03DF6723975E21002F8DA4 /* FavouriteRow.swift */ = {isa = PBXFileReference; lastKnownFileType = sourcecode.swift; path = FavouriteRow.swift; sourceTree = "<group>"; };
		9E03DF6923994500002F8DA4 /* TaiwanStationsMapper.swift */ = {isa = PBXFileReference; lastKnownFileType = sourcecode.swift; path = TaiwanStationsMapper.swift; sourceTree = "<group>"; };
		9E03DF6C239B8366002F8DA4 /* CountryListView.swift */ = {isa = PBXFileReference; lastKnownFileType = sourcecode.swift; path = CountryListView.swift; sourceTree = "<group>"; };
		9E03DF6E239B8E89002F8DA4 /* StationListViewModel.swift */ = {isa = PBXFileReference; lastKnownFileType = sourcecode.swift; path = StationListViewModel.swift; sourceTree = "<group>"; };
		9E08761E2382D75C0060476E /* ContentViewModel.swift */ = {isa = PBXFileReference; lastKnownFileType = sourcecode.swift; path = ContentViewModel.swift; sourceTree = "<group>"; };
		9E0876202382DAA50060476E /* UserDefaultsExtension.swift */ = {isa = PBXFileReference; lastKnownFileType = sourcecode.swift; path = UserDefaultsExtension.swift; sourceTree = "<group>"; };
		9E1AC538233F981700AC862D /* Taiwan Air.app */ = {isa = PBXFileReference; explicitFileType = wrapper.application; includeInIndex = 0; path = "Taiwan Air.app"; sourceTree = BUILT_PRODUCTS_DIR; };
		9E1AC53B233F981700AC862D /* AppDelegate.swift */ = {isa = PBXFileReference; lastKnownFileType = sourcecode.swift; path = AppDelegate.swift; sourceTree = "<group>"; };
		9E1AC53D233F981700AC862D /* SceneDelegate.swift */ = {isa = PBXFileReference; lastKnownFileType = sourcecode.swift; path = SceneDelegate.swift; sourceTree = "<group>"; };
		9E1AC53F233F981700AC862D /* ContentView.swift */ = {isa = PBXFileReference; lastKnownFileType = sourcecode.swift; path = ContentView.swift; sourceTree = "<group>"; };
		9E1AC541233F981900AC862D /* Assets.xcassets */ = {isa = PBXFileReference; lastKnownFileType = folder.assetcatalog; path = Assets.xcassets; sourceTree = "<group>"; };
		9E1AC544233F981900AC862D /* Preview Assets.xcassets */ = {isa = PBXFileReference; lastKnownFileType = folder.assetcatalog; path = "Preview Assets.xcassets"; sourceTree = "<group>"; };
		9E1AC547233F981900AC862D /* Base */ = {isa = PBXFileReference; lastKnownFileType = file.storyboard; name = Base; path = Base.lproj/LaunchScreen.storyboard; sourceTree = "<group>"; };
		9E1AC549233F981900AC862D /* Info.plist */ = {isa = PBXFileReference; lastKnownFileType = text.plist.xml; path = Info.plist; sourceTree = "<group>"; };
		9E1AC554233F99F600AC862D /* MainView.swift */ = {isa = PBXFileReference; lastKnownFileType = sourcecode.swift; path = MainView.swift; sourceTree = "<group>"; };
		9E1AC55A233F9A3900AC862D /* ForecastView.swift */ = {isa = PBXFileReference; lastKnownFileType = sourcecode.swift; path = ForecastView.swift; sourceTree = "<group>"; };
		9E1AC55D233F9A5000AC862D /* HelpView.swift */ = {isa = PBXFileReference; lastKnownFileType = sourcecode.swift; path = HelpView.swift; sourceTree = "<group>"; };
		9E1AC560233F9A8500AC862D /* DetailsView.swift */ = {isa = PBXFileReference; lastKnownFileType = sourcecode.swift; path = DetailsView.swift; sourceTree = "<group>"; };
		9E1AC563233F9AC100AC862D /* DetailsListView.swift */ = {isa = PBXFileReference; lastKnownFileType = sourcecode.swift; path = DetailsListView.swift; sourceTree = "<group>"; };
		9E1AC566233FB0A400AC862D /* ColorExtensions.swift */ = {isa = PBXFileReference; lastKnownFileType = sourcecode.swift; path = ColorExtensions.swift; sourceTree = "<group>"; };
		9E1C9B13238974120052E115 /* StringExtension.swift */ = {isa = PBXFileReference; lastKnownFileType = sourcecode.swift; path = StringExtension.swift; sourceTree = "<group>"; };
		9E1C9B16238997E30052E115 /* ComplicationManager.swift */ = {isa = PBXFileReference; lastKnownFileType = sourcecode.swift; path = ComplicationManager.swift; sourceTree = "<group>"; };
		9E205FC323536C6A00C6D3C1 /* DetailsHistoryView.swift */ = {isa = PBXFileReference; lastKnownFileType = sourcecode.swift; path = DetailsHistoryView.swift; sourceTree = "<group>"; };
		9E205FC52353759100C6D3C1 /* DetailsViewModel.swift */ = {isa = PBXFileReference; lastKnownFileType = sourcecode.swift; path = DetailsViewModel.swift; sourceTree = "<group>"; };
		9E205FCC2354B5E900C6D3C1 /* DetailsSuggestionView.swift */ = {isa = PBXFileReference; lastKnownFileType = sourcecode.swift; path = DetailsSuggestionView.swift; sourceTree = "<group>"; };
		9E34B4F1237079F400B6E600 /* TrackingManager.swift */ = {isa = PBXFileReference; lastKnownFileType = sourcecode.swift; path = TrackingManager.swift; sourceTree = "<group>"; };
		9E34B4F32371B23600B6E600 /* StoreKit.framework */ = {isa = PBXFileReference; lastKnownFileType = wrapper.framework; name = StoreKit.framework; path = System/Library/Frameworks/StoreKit.framework; sourceTree = SDKROOT; };
		9E34B4F52371B78600B6E600 /* IAPManager.swift */ = {isa = PBXFileReference; lastKnownFileType = sourcecode.swift; path = IAPManager.swift; sourceTree = "<group>"; };
		9E34B4F72371CDF900B6E600 /* AdBannerView.swift */ = {isa = PBXFileReference; lastKnownFileType = sourcecode.swift; path = AdBannerView.swift; sourceTree = "<group>"; };
		9E34B5022371E7B700B6E600 /* en */ = {isa = PBXFileReference; lastKnownFileType = text.plist.strings; name = en; path = en.lproj/Localizable.strings; sourceTree = "<group>"; };
		9E34B5042371E7BB00B6E600 /* zh-Hant */ = {isa = PBXFileReference; lastKnownFileType = text.plist.strings; name = "zh-Hant"; path = "zh-Hant.lproj/Localizable.strings"; sourceTree = "<group>"; };
		9E4A2F94239EB60900FFCD09 /* th */ = {isa = PBXFileReference; lastKnownFileType = text.plist.strings; name = th; path = th.lproj/Localizable.strings; sourceTree = "<group>"; };
		9E51276D23AC6DDB00DEA45D /* StoreReviewManager.swift */ = {isa = PBXFileReference; lastKnownFileType = sourcecode.swift; path = StoreReviewManager.swift; sourceTree = "<group>"; };
		9E5257AB23449FD1001ECFE1 /* MainViewModel.swift */ = {isa = PBXFileReference; lastKnownFileType = sourcecode.swift; path = MainViewModel.swift; sourceTree = "<group>"; };
		9E65658923AB2E73003EFB87 /* zh-Hans */ = {isa = PBXFileReference; lastKnownFileType = text.plist.strings; name = "zh-Hans"; path = "zh-Hans.lproj/Localizable.strings"; sourceTree = "<group>"; };
		9E794A61234083700064D874 /* Indicator.swift */ = {isa = PBXFileReference; lastKnownFileType = sourcecode.swift; path = Indicator.swift; sourceTree = "<group>"; };
		9E794A632340993C0064D874 /* DetailsRow.swift */ = {isa = PBXFileReference; lastKnownFileType = sourcecode.swift; path = DetailsRow.swift; sourceTree = "<group>"; };
		9E794A682340A6090064D874 /* SettingsRow.swift */ = {isa = PBXFileReference; lastKnownFileType = sourcecode.swift; path = SettingsRow.swift; sourceTree = "<group>"; };
		9E9042E92372F73200DDD4D9 /* DateExtension.swift */ = {isa = PBXFileReference; lastKnownFileType = sourcecode.swift; path = DateExtension.swift; sourceTree = "<group>"; };
		9E910C36238182FE00B8B316 /* Taiwan Air.app */ = {isa = PBXFileReference; explicitFileType = wrapper.application; includeInIndex = 0; path = "Taiwan Air.app"; sourceTree = BUILT_PRODUCTS_DIR; };
		9E910C39238182FE00B8B316 /* Base */ = {isa = PBXFileReference; lastKnownFileType = file.storyboard; name = Base; path = Base.lproj/Interface.storyboard; sourceTree = "<group>"; };
		9E910C3B2381830300B8B316 /* Assets.xcassets */ = {isa = PBXFileReference; lastKnownFileType = folder.assetcatalog; path = Assets.xcassets; sourceTree = "<group>"; };
		9E910C3D2381830300B8B316 /* Info.plist */ = {isa = PBXFileReference; lastKnownFileType = text.plist.xml; path = Info.plist; sourceTree = "<group>"; };
		9E910C422381830300B8B316 /* watch Extension.appex */ = {isa = PBXFileReference; explicitFileType = "wrapper.app-extension"; includeInIndex = 0; path = "watch Extension.appex"; sourceTree = BUILT_PRODUCTS_DIR; };
		9E910C472381830300B8B316 /* ContentView.swift */ = {isa = PBXFileReference; lastKnownFileType = sourcecode.swift; path = ContentView.swift; sourceTree = "<group>"; };
		9E910C492381830400B8B316 /* HostingController.swift */ = {isa = PBXFileReference; lastKnownFileType = sourcecode.swift; path = HostingController.swift; sourceTree = "<group>"; };
		9E910C4B2381830400B8B316 /* ExtensionDelegate.swift */ = {isa = PBXFileReference; lastKnownFileType = sourcecode.swift; path = ExtensionDelegate.swift; sourceTree = "<group>"; };
		9E910C4D2381830400B8B316 /* NotificationController.swift */ = {isa = PBXFileReference; lastKnownFileType = sourcecode.swift; path = NotificationController.swift; sourceTree = "<group>"; };
		9E910C4F2381830400B8B316 /* NotificationView.swift */ = {isa = PBXFileReference; lastKnownFileType = sourcecode.swift; path = NotificationView.swift; sourceTree = "<group>"; };
		9E910C512381830500B8B316 /* Assets.xcassets */ = {isa = PBXFileReference; lastKnownFileType = folder.assetcatalog; path = Assets.xcassets; sourceTree = "<group>"; };
		9E910C542381830500B8B316 /* Preview Assets.xcassets */ = {isa = PBXFileReference; lastKnownFileType = folder.assetcatalog; path = "Preview Assets.xcassets"; sourceTree = "<group>"; };
		9E910C562381830500B8B316 /* Info.plist */ = {isa = PBXFileReference; lastKnownFileType = text.plist.xml; path = Info.plist; sourceTree = "<group>"; };
		9E910C572381830500B8B316 /* PushNotificationPayload.apns */ = {isa = PBXFileReference; lastKnownFileType = text; path = PushNotificationPayload.apns; sourceTree = "<group>"; };
		9E910C652381846A00B8B316 /* SettingsStore.swift */ = {isa = PBXFileReference; lastKnownFileType = sourcecode.swift; path = SettingsStore.swift; sourceTree = "<group>"; };
		9E910C672381848E00B8B316 /* StationListView.swift */ = {isa = PBXFileReference; lastKnownFileType = sourcecode.swift; path = StationListView.swift; sourceTree = "<group>"; };
		9E942E332372BAB10010915D /* AreaGroups.swift */ = {isa = PBXFileReference; lastKnownFileType = sourcecode.swift; path = AreaGroups.swift; sourceTree = "<group>"; };
		9E942E352372BFDA0010915D /* AirIndexTypes.swift */ = {isa = PBXFileReference; lastKnownFileType = sourcecode.swift; path = AirIndexTypes.swift; sourceTree = "<group>"; };
		9E942E372372C0380010915D /* AirStatusTypes.swift */ = {isa = PBXFileReference; lastKnownFileType = sourcecode.swift; path = AirStatusTypes.swift; sourceTree = "<group>"; };
		9E942E392372C3B20010915D /* LinkPages.swift */ = {isa = PBXFileReference; lastKnownFileType = sourcecode.swift; path = LinkPages.swift; sourceTree = "<group>"; };
		9E942E3B2372CA4B0010915D /* LocaleExtension.swift */ = {isa = PBXFileReference; lastKnownFileType = sourcecode.swift; path = LocaleExtension.swift; sourceTree = "<group>"; };
		9E96B52A23892C7B00EEA5B9 /* ComplicationController.swift */ = {isa = PBXFileReference; fileEncoding = 4; lastKnownFileType = sourcecode.swift; path = ComplicationController.swift; sourceTree = "<group>"; };
		9E978F152357808100C66A03 /* GoogleService-Info.plist */ = {isa = PBXFileReference; fileEncoding = 4; lastKnownFileType = text.plist.xml; path = "GoogleService-Info.plist"; sourceTree = "<group>"; };
		9E978F17235780D900C66A03 /* GADBannerView.swift */ = {isa = PBXFileReference; lastKnownFileType = sourcecode.swift; path = GADBannerView.swift; sourceTree = "<group>"; };
		9E978F1B235AFA7000C66A03 /* DataManager.swift */ = {isa = PBXFileReference; lastKnownFileType = sourcecode.swift; path = DataManager.swift; sourceTree = "<group>"; };
		9E978F1D235B0A0300C66A03 /* stations.json */ = {isa = PBXFileReference; fileEncoding = 4; lastKnownFileType = text.json; path = stations.json; sourceTree = "<group>"; };
		9EA1BC6423657D73008C3942 /* Forecast3DaysView.swift */ = {isa = PBXFileReference; lastKnownFileType = sourcecode.swift; path = Forecast3DaysView.swift; sourceTree = "<group>"; };
		9EA1BC6623657EC8008C3942 /* ForecastDetailView.swift */ = {isa = PBXFileReference; lastKnownFileType = sourcecode.swift; path = ForecastDetailView.swift; sourceTree = "<group>"; };
		9EA1BC682365CC0F008C3942 /* NumberExtensions.swift */ = {isa = PBXFileReference; lastKnownFileType = sourcecode.swift; path = NumberExtensions.swift; sourceTree = "<group>"; };
		9EA1BC6C2369B907008C3942 /* SettingsRowViewModel.swift */ = {isa = PBXFileReference; lastKnownFileType = sourcecode.swift; path = SettingsRowViewModel.swift; sourceTree = "<group>"; };
		9EA1BC6E236D870C008C3942 /* GoogleMapController.swift */ = {isa = PBXFileReference; lastKnownFileType = sourcecode.swift; path = GoogleMapController.swift; sourceTree = "<group>"; };
		9EA1BC70236DDA2D008C3942 /* Marker.swift */ = {isa = PBXFileReference; lastKnownFileType = sourcecode.swift; path = Marker.swift; sourceTree = "<group>"; };
		9EA1BC72236EAC0A008C3942 /* GoogleMapStyles.swift */ = {isa = PBXFileReference; lastKnownFileType = sourcecode.swift; path = GoogleMapStyles.swift; sourceTree = "<group>"; };
		9EAB27F32379180600AEAF5A /* WindModeButton.swift */ = {isa = PBXFileReference; lastKnownFileType = sourcecode.swift; path = WindModeButton.swift; sourceTree = "<group>"; };
		9EAF6D2B799535C450BD0580 /* Pods-OneSignalNotificationServiceExtension.debug.xcconfig */ = {isa = PBXFileReference; includeInIndex = 1; lastKnownFileType = text.xcconfig; name = "Pods-OneSignalNotificationServiceExtension.debug.xcconfig"; path = "Target Support Files/Pods-OneSignalNotificationServiceExtension/Pods-OneSignalNotificationServiceExtension.debug.xcconfig"; sourceTree = "<group>"; };
		9EC3CF1F235E0EF100F17332 /* Separator.swift */ = {isa = PBXFileReference; lastKnownFileType = sourcecode.swift; path = Separator.swift; sourceTree = "<group>"; };
		9EC3CF21235F3B0B00F17332 /* LabelView.swift */ = {isa = PBXFileReference; lastKnownFileType = sourcecode.swift; path = LabelView.swift; sourceTree = "<group>"; };
		9EC3CF23235F5ABB00F17332 /* example.xcconfig */ = {isa = PBXFileReference; lastKnownFileType = text.xcconfig; path = example.xcconfig; sourceTree = "<group>"; };
		9EC3CF252360A81300F17332 /* BarsView.swift */ = {isa = PBXFileReference; lastKnownFileType = sourcecode.swift; path = BarsView.swift; sourceTree = "<group>"; };
		9EC596082351BC5D00B8AA99 /* release.xcconfig */ = {isa = PBXFileReference; lastKnownFileType = text.xcconfig; path = release.xcconfig; sourceTree = "<group>"; };
		9EC5960B2351BF7800B8AA99 /* getEnv.swift */ = {isa = PBXFileReference; lastKnownFileType = sourcecode.swift; path = getEnv.swift; sourceTree = "<group>"; };
		9EC5960F2351C87100B8AA99 /* ForecastViewModel.swift */ = {isa = PBXFileReference; lastKnownFileType = sourcecode.swift; path = ForecastViewModel.swift; sourceTree = "<group>"; };
		9EC596112351C94900B8AA99 /* debug.xcconfig */ = {isa = PBXFileReference; lastKnownFileType = text.xcconfig; path = debug.xcconfig; sourceTree = "<group>"; };
		9EC596122351CF4400B8AA99 /* ForecastArea.swift */ = {isa = PBXFileReference; lastKnownFileType = sourcecode.swift; path = ForecastArea.swift; sourceTree = "<group>"; };
		9EC6BB16235B462B00213041 /* SafariView.swift */ = {isa = PBXFileReference; lastKnownFileType = sourcecode.swift; path = SafariView.swift; sourceTree = "<group>"; };
		9EC6BB1C235B590500213041 /* OneSignalNotificationServiceExtension.appex */ = {isa = PBXFileReference; explicitFileType = "wrapper.app-extension"; includeInIndex = 0; path = OneSignalNotificationServiceExtension.appex; sourceTree = BUILT_PRODUCTS_DIR; };
		9EC6BB1E235B590500213041 /* NotificationService.swift */ = {isa = PBXFileReference; lastKnownFileType = sourcecode.swift; path = NotificationService.swift; sourceTree = "<group>"; };
		9EC6BB20235B590500213041 /* Info.plist */ = {isa = PBXFileReference; lastKnownFileType = text.plist.xml; path = Info.plist; sourceTree = "<group>"; };
		9EC6BB28235B5AD800213041 /* OneSignalNotificationServiceExtension.entitlements */ = {isa = PBXFileReference; lastKnownFileType = text.plist.entitlements; path = OneSignalNotificationServiceExtension.entitlements; sourceTree = "<group>"; };
		9EC6BB29235B5AEE00213041 /* TWAQI.entitlements */ = {isa = PBXFileReference; lastKnownFileType = text.plist.entitlements; path = TWAQI.entitlements; sourceTree = "<group>"; };
		9EDBA6E92363284E009B4CC4 /* ImageExtensions.swift */ = {isa = PBXFileReference; lastKnownFileType = sourcecode.swift; path = ImageExtensions.swift; sourceTree = "<group>"; };
		9EDBA6EB236431C3009B4CC4 /* OneSignalManager.swift */ = {isa = PBXFileReference; lastKnownFileType = sourcecode.swift; path = OneSignalManager.swift; sourceTree = "<group>"; };
		9EDBA6ED23649079009B4CC4 /* APIManager.swift */ = {isa = PBXFileReference; lastKnownFileType = sourcecode.swift; path = APIManager.swift; sourceTree = "<group>"; };
		9EDD956C2385941200420116 /* CustomAd.swift */ = {isa = PBXFileReference; fileEncoding = 4; lastKnownFileType = sourcecode.swift; path = CustomAd.swift; sourceTree = "<group>"; };
		9EDD956E2385953700420116 /* CustomAdView.swift */ = {isa = PBXFileReference; lastKnownFileType = sourcecode.swift; path = CustomAdView.swift; sourceTree = "<group>"; };
		9EDF685623838CDA00B08589 /* MyLocationButton.swift */ = {isa = PBXFileReference; lastKnownFileType = sourcecode.swift; path = MyLocationButton.swift; sourceTree = "<group>"; };
		9EDF685823838CEE00B08589 /* DefaultLocationButton.swift */ = {isa = PBXFileReference; lastKnownFileType = sourcecode.swift; path = DefaultLocationButton.swift; sourceTree = "<group>"; };
		9EE9E6BD235C8F150046A590 /* SettingsStore.swift */ = {isa = PBXFileReference; lastKnownFileType = sourcecode.swift; path = SettingsStore.swift; sourceTree = "<group>"; };
		9EF2501423766BC000A731D5 /* ClosestStationView.swift */ = {isa = PBXFileReference; lastKnownFileType = sourcecode.swift; path = ClosestStationView.swift; sourceTree = "<group>"; };
		9EF250162376702100A731D5 /* AirStatusBarView.swift */ = {isa = PBXFileReference; lastKnownFileType = sourcecode.swift; path = AirStatusBarView.swift; sourceTree = "<group>"; };
		9EF250182376B95D00A731D5 /* DefinitionPages.swift */ = {isa = PBXFileReference; lastKnownFileType = sourcecode.swift; path = DefinitionPages.swift; sourceTree = "<group>"; };
		9EF3D34323939281009CED32 /* Countries.swift */ = {isa = PBXFileReference; lastKnownFileType = sourcecode.swift; path = Countries.swift; sourceTree = "<group>"; };
		9EF3D34523939798009CED32 /* Stations.swift */ = {isa = PBXFileReference; lastKnownFileType = sourcecode.swift; path = Stations.swift; sourceTree = "<group>"; };
		9EF3D3472393B318009CED32 /* APIResponses.swift */ = {isa = PBXFileReference; lastKnownFileType = sourcecode.swift; path = APIResponses.swift; sourceTree = "<group>"; };
		9EF3D3502393B9C6009CED32 /* Pollutants.swift */ = {isa = PBXFileReference; lastKnownFileType = sourcecode.swift; path = Pollutants.swift; sourceTree = "<group>"; };
		9EF3D3522393E9BF009CED32 /* CountryPollutants.swift */ = {isa = PBXFileReference; lastKnownFileType = sourcecode.swift; path = CountryPollutants.swift; sourceTree = "<group>"; };
		9EF7A3292386FC8700FF410C /* HelpViewModel.swift */ = {isa = PBXFileReference; lastKnownFileType = sourcecode.swift; path = HelpViewModel.swift; sourceTree = "<group>"; };
		9EFCDAB6237809CA00EA2203 /* IndexSelectorView.swift */ = {isa = PBXFileReference; lastKnownFileType = sourcecode.swift; path = IndexSelectorView.swift; sourceTree = "<group>"; };
		AF699C6EE2E0E05B5E6BFAB0 /* Pods_watch_Extension.framework */ = {isa = PBXFileReference; explicitFileType = wrapper.framework; includeInIndex = 0; path = Pods_watch_Extension.framework; sourceTree = BUILT_PRODUCTS_DIR; };
		D2A76960C78240C199D174A5 /* Pods-TWAQI.release.xcconfig */ = {isa = PBXFileReference; includeInIndex = 1; lastKnownFileType = text.xcconfig; name = "Pods-TWAQI.release.xcconfig"; path = "Target Support Files/Pods-TWAQI/Pods-TWAQI.release.xcconfig"; sourceTree = "<group>"; };
		DF13A9AEE12BB503E5C3EA73 /* Pods-TWAQI.debug.xcconfig */ = {isa = PBXFileReference; includeInIndex = 1; lastKnownFileType = text.xcconfig; name = "Pods-TWAQI.debug.xcconfig"; path = "Target Support Files/Pods-TWAQI/Pods-TWAQI.debug.xcconfig"; sourceTree = "<group>"; };
		E9176A46D14F895C1F5A5CE3 /* Pods-watch Extension.release.xcconfig */ = {isa = PBXFileReference; includeInIndex = 1; lastKnownFileType = text.xcconfig; name = "Pods-watch Extension.release.xcconfig"; path = "Target Support Files/Pods-watch Extension/Pods-watch Extension.release.xcconfig"; sourceTree = "<group>"; };
/* End PBXFileReference section */

/* Begin PBXFrameworksBuildPhase section */
		9E1AC535233F981700AC862D /* Frameworks */ = {
			isa = PBXFrameworksBuildPhase;
			buildActionMask = 2147483647;
			files = (
				1FC52EFA1B593F93F7CD83DC /* Pods_TWAQI.framework in Frameworks */,
				9E34B4F42371B23600B6E600 /* StoreKit.framework in Frameworks */,
			);
			runOnlyForDeploymentPostprocessing = 0;
		};
		9E910C3F2381830300B8B316 /* Frameworks */ = {
			isa = PBXFrameworksBuildPhase;
			buildActionMask = 2147483647;
			files = (
				F48798B8115BA8194090FBD1 /* Pods_watch_Extension.framework in Frameworks */,
			);
			runOnlyForDeploymentPostprocessing = 0;
		};
		9EC6BB19235B590500213041 /* Frameworks */ = {
			isa = PBXFrameworksBuildPhase;
			buildActionMask = 2147483647;
			files = (
				AEAF311CBA65697B61E2412E /* Pods_OneSignalNotificationServiceExtension.framework in Frameworks */,
			);
			runOnlyForDeploymentPostprocessing = 0;
		};
		D2003A195B2687B61D5631C0 /* Frameworks */ = {
			isa = PBXFrameworksBuildPhase;
			buildActionMask = 2147483647;
			files = (
			);
			runOnlyForDeploymentPostprocessing = 0;
		};
/* End PBXFrameworksBuildPhase section */

/* Begin PBXGroup section */
		9E03DF6223975C5A002F8DA4 /* Favourites */ = {
			isa = PBXGroup;
			children = (
				9E03DF6323975CF9002F8DA4 /* FavouriteListView.swift */,
				9E03DF6523975D4F002F8DA4 /* FavouriteListViewModel.swift */,
				9E03DF6723975E21002F8DA4 /* FavouriteRow.swift */,
			);
			path = Favourites;
			sourceTree = "<group>";
		};
		9E03DF6B239B82DC002F8DA4 /* Views */ = {
			isa = PBXGroup;
			children = (
				9E910C472381830300B8B316 /* ContentView.swift */,
				9E08761E2382D75C0060476E /* ContentViewModel.swift */,
				9E03DF6C239B8366002F8DA4 /* CountryListView.swift */,
				9E910C672381848E00B8B316 /* StationListView.swift */,
				9E03DF6E239B8E89002F8DA4 /* StationListViewModel.swift */,
			);
			path = Views;
			sourceTree = "<group>";
		};
		9E1AC52F233F981700AC862D = {
			isa = PBXGroup;
			children = (
				9E1AC53A233F981700AC862D /* TWAQI */,
				9EC6BB1D235B590500213041 /* OneSignalNotificationServiceExtension */,
				9E910C37238182FE00B8B316 /* watch */,
				9E910C462381830300B8B316 /* watch Extension */,
				9E1AC539233F981700AC862D /* Products */,
				EC74AF5E2E6315550EC00CA3 /* Pods */,
				AE3FAE52D0FC9E2F007C900A /* Frameworks */,
			);
			sourceTree = "<group>";
		};
		9E1AC539233F981700AC862D /* Products */ = {
			isa = PBXGroup;
			children = (
				9E1AC538233F981700AC862D /* Taiwan Air.app */,
				9EC6BB1C235B590500213041 /* OneSignalNotificationServiceExtension.appex */,
				9E910C36238182FE00B8B316 /* Taiwan Air.app */,
				9E910C422381830300B8B316 /* watch Extension.appex */,
			);
			name = Products;
			sourceTree = "<group>";
		};
		9E1AC53A233F981700AC862D /* TWAQI */ = {
			isa = PBXGroup;
			children = (
				9E34B4F92371D4EC00B6E600 /* Localization */,
				9EC596072351BC0500B8AA99 /* Config */,
				9E942E322372BA810010915D /* Constants */,
				9E794A65234099830064D874 /* Models */,
				9E5257A12342FD88001ECFE1 /* Resources */,
				9E1AC565233FB09000AC862D /* Utils */,
				9E1AC54F233F998E00AC862D /* Views */,
				9EC6BB29235B5AEE00213041 /* TWAQI.entitlements */,
				9E978F152357808100C66A03 /* GoogleService-Info.plist */,
				9E1AC549233F981900AC862D /* Info.plist */,
				9E1AC53B233F981700AC862D /* AppDelegate.swift */,
				9E1AC53F233F981700AC862D /* ContentView.swift */,
				9E1AC53D233F981700AC862D /* SceneDelegate.swift */,
				9E1AC541233F981900AC862D /* Assets.xcassets */,
				9E1AC546233F981900AC862D /* LaunchScreen.storyboard */,
				9E1AC543233F981900AC862D /* Preview Content */,
			);
			path = TWAQI;
			sourceTree = "<group>";
		};
		9E1AC543233F981900AC862D /* Preview Content */ = {
			isa = PBXGroup;
			children = (
				9E1AC544233F981900AC862D /* Preview Assets.xcassets */,
			);
			path = "Preview Content";
			sourceTree = "<group>";
		};
		9E1AC54F233F998E00AC862D /* Views */ = {
			isa = PBXGroup;
			children = (
				9E1AC550233F999B00AC862D /* Common */,
				9E1AC55F233F9A7300AC862D /* Details */,
				9E03DF6223975C5A002F8DA4 /* Favourites */,
				9E1AC559233F9A2A00AC862D /* Forecast */,
				9E1AC55C233F9A4400AC862D /* Help */,
				9E1AC553233F99CE00AC862D /* Main */,
			);
			path = Views;
			sourceTree = "<group>";
		};
		9E1AC550233F999B00AC862D /* Common */ = {
			isa = PBXGroup;
			children = (
				9E34B4F72371CDF900B6E600 /* AdBannerView.swift */,
				9EDD956E2385953700420116 /* CustomAdView.swift */,
				9EC3CF252360A81300F17332 /* BarsView.swift */,
				9E978F17235780D900C66A03 /* GADBannerView.swift */,
				9E794A61234083700064D874 /* Indicator.swift */,
				9EC3CF21235F3B0B00F17332 /* LabelView.swift */,
				9EC6BB16235B462B00213041 /* SafariView.swift */,
				9EC3CF1F235E0EF100F17332 /* Separator.swift */,
			);
			path = Common;
			sourceTree = "<group>";
		};
		9E1AC553233F99CE00AC862D /* Main */ = {
			isa = PBXGroup;
			children = (
				9EF250162376702100A731D5 /* AirStatusBarView.swift */,
				9EF2501423766BC000A731D5 /* ClosestStationView.swift */,
				9EDF685823838CEE00B08589 /* DefaultLocationButton.swift */,
				9EA1BC6E236D870C008C3942 /* GoogleMapController.swift */,
				9EFCDAB6237809CA00EA2203 /* IndexSelectorView.swift */,
				9E1AC554233F99F600AC862D /* MainView.swift */,
				9E5257AB23449FD1001ECFE1 /* MainViewModel.swift */,
				9EA1BC70236DDA2D008C3942 /* Marker.swift */,
				9EDF685623838CDA00B08589 /* MyLocationButton.swift */,
				9EAB27F32379180600AEAF5A /* WindModeButton.swift */,
			);
			path = Main;
			sourceTree = "<group>";
		};
		9E1AC559233F9A2A00AC862D /* Forecast */ = {
			isa = PBXGroup;
			children = (
				9EA1BC6423657D73008C3942 /* Forecast3DaysView.swift */,
				9EA1BC6623657EC8008C3942 /* ForecastDetailView.swift */,
				9E1AC55A233F9A3900AC862D /* ForecastView.swift */,
				9EC5960F2351C87100B8AA99 /* ForecastViewModel.swift */,
			);
			path = Forecast;
			sourceTree = "<group>";
		};
		9E1AC55C233F9A4400AC862D /* Help */ = {
			isa = PBXGroup;
			children = (
				9E1AC55D233F9A5000AC862D /* HelpView.swift */,
				9EF7A3292386FC8700FF410C /* HelpViewModel.swift */,
			);
			path = Help;
			sourceTree = "<group>";
		};
		9E1AC55F233F9A7300AC862D /* Details */ = {
			isa = PBXGroup;
			children = (
				9E205FC323536C6A00C6D3C1 /* DetailsHistoryView.swift */,
				9E1AC563233F9AC100AC862D /* DetailsListView.swift */,
				9E03DF6023969E54002F8DA4 /* DetailsListViewModel.swift */,
				9E794A632340993C0064D874 /* DetailsRow.swift */,
				9E205FCC2354B5E900C6D3C1 /* DetailsSuggestionView.swift */,
				9E1AC560233F9A8500AC862D /* DetailsView.swift */,
				9E205FC52353759100C6D3C1 /* DetailsViewModel.swift */,
				9E794A682340A6090064D874 /* SettingsRow.swift */,
				9EA1BC6C2369B907008C3942 /* SettingsRowViewModel.swift */,
			);
			path = Details;
			sourceTree = "<group>";
		};
		9E1AC565233FB09000AC862D /* Utils */ = {
			isa = PBXGroup;
			children = (
				9EDBA6ED23649079009B4CC4 /* APIManager.swift */,
				9EF3D3472393B318009CED32 /* APIResponses.swift */,
				9E1AC566233FB0A400AC862D /* ColorExtensions.swift */,
				9E978F1B235AFA7000C66A03 /* DataManager.swift */,
				9E9042E92372F73200DDD4D9 /* DateExtension.swift */,
				9EC5960B2351BF7800B8AA99 /* getEnv.swift */,
				9EA1BC72236EAC0A008C3942 /* GoogleMapStyles.swift */,
				9E34B4F52371B78600B6E600 /* IAPManager.swift */,
				9EDBA6E92363284E009B4CC4 /* ImageExtensions.swift */,
				9E942E3B2372CA4B0010915D /* LocaleExtension.swift */,
				9EA1BC682365CC0F008C3942 /* NumberExtensions.swift */,
				9EDBA6EB236431C3009B4CC4 /* OneSignalManager.swift */,
				9EE9E6BD235C8F150046A590 /* SettingsStore.swift */,
				9E51276D23AC6DDB00DEA45D /* StoreReviewManager.swift */,
				9E1C9B13238974120052E115 /* StringExtension.swift */,
				9E34B4F1237079F400B6E600 /* TrackingManager.swift */,
				9E0876202382DAA50060476E /* UserDefaultsExtension.swift */,
			);
			path = Utils;
			sourceTree = "<group>";
		};
		9E34B4F92371D4EC00B6E600 /* Localization */ = {
			isa = PBXGroup;
			children = (
				9E34B5032371E7B700B6E600 /* Localizable.strings */,
			);
			path = Localization;
			sourceTree = "<group>";
		};
		9E5257A12342FD88001ECFE1 /* Resources */ = {
			isa = PBXGroup;
			children = (
				9E978F1D235B0A0300C66A03 /* stations.json */,
			);
			path = Resources;
			sourceTree = "<group>";
		};
		9E794A65234099830064D874 /* Models */ = {
			isa = PBXGroup;
			children = (
				9EF3D34323939281009CED32 /* Countries.swift */,
				9EF3D3522393E9BF009CED32 /* CountryPollutants.swift */,
				9EDD956C2385941200420116 /* CustomAd.swift */,
				9EC596122351CF4400B8AA99 /* ForecastArea.swift */,
				9E03DF5D23965286002F8DA4 /* HistoricalPollutants.swift */,
				9EF3D3502393B9C6009CED32 /* Pollutants.swift */,
				9E01F534235C3E1900BC3486 /* OneSignalSettings.swift */,
				9EF3D34523939798009CED32 /* Stations.swift */,
			);
			path = Models;
			sourceTree = "<group>";
		};
		9E910C37238182FE00B8B316 /* watch */ = {
			isa = PBXGroup;
			children = (
				9E910C38238182FE00B8B316 /* Interface.storyboard */,
				9E910C3B2381830300B8B316 /* Assets.xcassets */,
				9E910C3D2381830300B8B316 /* Info.plist */,
			);
			path = watch;
			sourceTree = "<group>";
		};
		9E910C462381830300B8B316 /* watch Extension */ = {
			isa = PBXGroup;
			children = (
				9E03DF6B239B82DC002F8DA4 /* Views */,
				9E910C642381841C00B8B316 /* Utils */,
				9E96B52A23892C7B00EEA5B9 /* ComplicationController.swift */,
				9E910C4B2381830400B8B316 /* ExtensionDelegate.swift */,
				9E910C492381830400B8B316 /* HostingController.swift */,
				9E910C4D2381830400B8B316 /* NotificationController.swift */,
				9E910C4F2381830400B8B316 /* NotificationView.swift */,
				9E910C512381830500B8B316 /* Assets.xcassets */,
				9E910C562381830500B8B316 /* Info.plist */,
				9E910C572381830500B8B316 /* PushNotificationPayload.apns */,
				9E910C532381830500B8B316 /* Preview Content */,
			);
			path = "watch Extension";
			sourceTree = "<group>";
		};
		9E910C532381830500B8B316 /* Preview Content */ = {
			isa = PBXGroup;
			children = (
				9E910C542381830500B8B316 /* Preview Assets.xcassets */,
			);
			path = "Preview Content";
			sourceTree = "<group>";
		};
		9E910C642381841C00B8B316 /* Utils */ = {
			isa = PBXGroup;
			children = (
				9E1C9B16238997E30052E115 /* ComplicationManager.swift */,
				9E910C652381846A00B8B316 /* SettingsStore.swift */,
			);
			path = Utils;
			sourceTree = "<group>";
		};
		9E942E322372BA810010915D /* Constants */ = {
			isa = PBXGroup;
			children = (
				9E942E352372BFDA0010915D /* AirIndexTypes.swift */,
				9E942E372372C0380010915D /* AirStatusTypes.swift */,
				9E942E332372BAB10010915D /* AreaGroups.swift */,
				9EF250182376B95D00A731D5 /* DefinitionPages.swift */,
				9E942E392372C3B20010915D /* LinkPages.swift */,
				9E03DF6923994500002F8DA4 /* TaiwanStationsMapper.swift */,
			);
			path = Constants;
			sourceTree = "<group>";
		};
		9EC596072351BC0500B8AA99 /* Config */ = {
			isa = PBXGroup;
			children = (
				9EC596112351C94900B8AA99 /* debug.xcconfig */,
				9EC596082351BC5D00B8AA99 /* release.xcconfig */,
				9EC3CF23235F5ABB00F17332 /* example.xcconfig */,
			);
			path = Config;
			sourceTree = "<group>";
		};
		9EC6BB1D235B590500213041 /* OneSignalNotificationServiceExtension */ = {
			isa = PBXGroup;
			children = (
				9EC6BB28235B5AD800213041 /* OneSignalNotificationServiceExtension.entitlements */,
				9EC6BB1E235B590500213041 /* NotificationService.swift */,
				9EC6BB20235B590500213041 /* Info.plist */,
			);
			path = OneSignalNotificationServiceExtension;
			sourceTree = "<group>";
		};
		AE3FAE52D0FC9E2F007C900A /* Frameworks */ = {
			isa = PBXGroup;
			children = (
				9E34B4F32371B23600B6E600 /* StoreKit.framework */,
				2B62FC15B7CFF80DF517CBF2 /* Pods_TWAQI.framework */,
				31DB7B3D7441B51A8F0D30E5 /* Pods_OneSignalNotificationServiceExtension.framework */,
				AF699C6EE2E0E05B5E6BFAB0 /* Pods_watch_Extension.framework */,
			);
			name = Frameworks;
			sourceTree = "<group>";
		};
		EC74AF5E2E6315550EC00CA3 /* Pods */ = {
			isa = PBXGroup;
			children = (
				DF13A9AEE12BB503E5C3EA73 /* Pods-TWAQI.debug.xcconfig */,
				D2A76960C78240C199D174A5 /* Pods-TWAQI.release.xcconfig */,
				9EAF6D2B799535C450BD0580 /* Pods-OneSignalNotificationServiceExtension.debug.xcconfig */,
				437631D7D7C9B18A5CECB5C3 /* Pods-OneSignalNotificationServiceExtension.release.xcconfig */,
				93EEC8B07FC43D68445B068E /* Pods-watch Extension.debug.xcconfig */,
				E9176A46D14F895C1F5A5CE3 /* Pods-watch Extension.release.xcconfig */,
			);
			path = Pods;
			sourceTree = "<group>";
		};
/* End PBXGroup section */

/* Begin PBXNativeTarget section */
		9E1AC537233F981700AC862D /* TWAQI */ = {
			isa = PBXNativeTarget;
			buildConfigurationList = 9E1AC54C233F981900AC862D /* Build configuration list for PBXNativeTarget "TWAQI" */;
			buildPhases = (
				F325A4A10B9FB5D16F8BF4E7 /* [CP] Check Pods Manifest.lock */,
				9E1AC534233F981700AC862D /* Sources */,
				9E1AC535233F981700AC862D /* Frameworks */,
				9E1AC536233F981700AC862D /* Resources */,
				C5D0E6ADAEF6BA2F4785E9F3 /* [CP] Embed Pods Frameworks */,
				9EC6BB27235B590500213041 /* Embed App Extensions */,
				125FC49B402E9EE6571A23C6 /* [CP] Copy Pods Resources */,
				9E910C5B2381830500B8B316 /* Embed Watch Content */,
				9EC3CF24235FF8C100F17332 /* ShellScript */,
				9EFE2DFC23419BBC007B7723 /* ShellScript */,
			);
			buildRules = (
			);
			dependencies = (
				9EC6BB22235B590500213041 /* PBXTargetDependency */,
				9E910C592381830500B8B316 /* PBXTargetDependency */,
			);
			name = TWAQI;
			productName = TWAQI;
			productReference = 9E1AC538233F981700AC862D /* Taiwan Air.app */;
			productType = "com.apple.product-type.application";
		};
		9E910C35238182FE00B8B316 /* watch */ = {
			isa = PBXNativeTarget;
			buildConfigurationList = 9E910C622381830500B8B316 /* Build configuration list for PBXNativeTarget "watch" */;
			buildPhases = (
				9E910C34238182FE00B8B316 /* Resources */,
				9E910C5E2381830500B8B316 /* Embed App Extensions */,
				D2003A195B2687B61D5631C0 /* Frameworks */,
			);
			buildRules = (
			);
			dependencies = (
				9E910C452381830300B8B316 /* PBXTargetDependency */,
			);
			name = watch;
			productName = watch;
			productReference = 9E910C36238182FE00B8B316 /* Taiwan Air.app */;
			productType = "com.apple.product-type.application.watchapp2";
		};
		9E910C412381830300B8B316 /* watch Extension */ = {
			isa = PBXNativeTarget;
			buildConfigurationList = 9E910C612381830500B8B316 /* Build configuration list for PBXNativeTarget "watch Extension" */;
			buildPhases = (
				3B6191E3BE0D4CE356618CA3 /* [CP] Check Pods Manifest.lock */,
				9E910C3E2381830300B8B316 /* Sources */,
				9E910C3F2381830300B8B316 /* Frameworks */,
				9E910C402381830300B8B316 /* Resources */,
				DAFDB989D5F38D58B4D9D440 /* [CP] Embed Pods Frameworks */,
			);
			buildRules = (
			);
			dependencies = (
			);
			name = "watch Extension";
			productName = "watch Extension";
			productReference = 9E910C422381830300B8B316 /* watch Extension.appex */;
			productType = "com.apple.product-type.watchkit2-extension";
		};
		9EC6BB1B235B590500213041 /* OneSignalNotificationServiceExtension */ = {
			isa = PBXNativeTarget;
			buildConfigurationList = 9EC6BB24235B590500213041 /* Build configuration list for PBXNativeTarget "OneSignalNotificationServiceExtension" */;
			buildPhases = (
				9E42A2F81DAB4433795A8DEB /* [CP] Check Pods Manifest.lock */,
				9EC6BB18235B590500213041 /* Sources */,
				9EC6BB19235B590500213041 /* Frameworks */,
				9EC6BB1A235B590500213041 /* Resources */,
			);
			buildRules = (
			);
			dependencies = (
			);
			name = OneSignalNotificationServiceExtension;
			productName = OneSignalNotificationServiceExtension;
			productReference = 9EC6BB1C235B590500213041 /* OneSignalNotificationServiceExtension.appex */;
			productType = "com.apple.product-type.app-extension";
		};
/* End PBXNativeTarget section */

/* Begin PBXProject section */
		9E1AC530233F981700AC862D /* Project object */ = {
			isa = PBXProject;
			attributes = {
				LastSwiftUpdateCheck = 1120;
				LastUpgradeCheck = 1100;
				ORGANIZATIONNAME = kf;
				TargetAttributes = {
					9E1AC537233F981700AC862D = {
						CreatedOnToolsVersion = 11.0;
					};
					9E910C35238182FE00B8B316 = {
						CreatedOnToolsVersion = 11.2.1;
					};
					9E910C412381830300B8B316 = {
						CreatedOnToolsVersion = 11.2.1;
					};
					9EC6BB1B235B590500213041 = {
						CreatedOnToolsVersion = 11.2;
					};
				};
			};
			buildConfigurationList = 9E1AC533233F981700AC862D /* Build configuration list for PBXProject "TWAQI" */;
			compatibilityVersion = "Xcode 9.3";
			developmentRegion = en;
			hasScannedForEncodings = 0;
			knownRegions = (
				en,
				Base,
				"zh-Hant",
				th,
				"zh-Hans",
			);
			mainGroup = 9E1AC52F233F981700AC862D;
			productRefGroup = 9E1AC539233F981700AC862D /* Products */;
			projectDirPath = "";
			projectRoot = "";
			targets = (
				9E1AC537233F981700AC862D /* TWAQI */,
				9EC6BB1B235B590500213041 /* OneSignalNotificationServiceExtension */,
				9E910C35238182FE00B8B316 /* watch */,
				9E910C412381830300B8B316 /* watch Extension */,
			);
		};
/* End PBXProject section */

/* Begin PBXResourcesBuildPhase section */
		9E1AC536233F981700AC862D /* Resources */ = {
			isa = PBXResourcesBuildPhase;
			buildActionMask = 2147483647;
			files = (
				9E1AC548233F981900AC862D /* LaunchScreen.storyboard in Resources */,
				9E978F1E235B0A0300C66A03 /* stations.json in Resources */,
				9E34B5012371E7B700B6E600 /* Localizable.strings in Resources */,
				9E978F162357808100C66A03 /* GoogleService-Info.plist in Resources */,
				9E1AC545233F981900AC862D /* Preview Assets.xcassets in Resources */,
				9E1AC542233F981900AC862D /* Assets.xcassets in Resources */,
			);
			runOnlyForDeploymentPostprocessing = 0;
		};
		9E910C34238182FE00B8B316 /* Resources */ = {
			isa = PBXResourcesBuildPhase;
			buildActionMask = 2147483647;
			files = (
				9E910C3C2381830300B8B316 /* Assets.xcassets in Resources */,
				9E910C3A238182FE00B8B316 /* Interface.storyboard in Resources */,
			);
			runOnlyForDeploymentPostprocessing = 0;
		};
		9E910C402381830300B8B316 /* Resources */ = {
			isa = PBXResourcesBuildPhase;
			buildActionMask = 2147483647;
			files = (
				9E910C7223818EC600B8B316 /* Localizable.strings in Resources */,
				9E910C552381830500B8B316 /* Preview Assets.xcassets in Resources */,
				9E910C63238183E600B8B316 /* Assets.xcassets in Resources */,
				9E910C702381850E00B8B316 /* stations.json in Resources */,
				9E910C522381830500B8B316 /* Assets.xcassets in Resources */,
			);
			runOnlyForDeploymentPostprocessing = 0;
		};
		9EC6BB1A235B590500213041 /* Resources */ = {
			isa = PBXResourcesBuildPhase;
			buildActionMask = 2147483647;
			files = (
			);
			runOnlyForDeploymentPostprocessing = 0;
		};
/* End PBXResourcesBuildPhase section */

/* Begin PBXShellScriptBuildPhase section */
		125FC49B402E9EE6571A23C6 /* [CP] Copy Pods Resources */ = {
			isa = PBXShellScriptBuildPhase;
			buildActionMask = 2147483647;
			files = (
			);
			inputFileListPaths = (
				"${PODS_ROOT}/Target Support Files/Pods-TWAQI/Pods-TWAQI-resources-${CONFIGURATION}-input-files.xcfilelist",
			);
			name = "[CP] Copy Pods Resources";
			outputFileListPaths = (
				"${PODS_ROOT}/Target Support Files/Pods-TWAQI/Pods-TWAQI-resources-${CONFIGURATION}-output-files.xcfilelist",
			);
			runOnlyForDeploymentPostprocessing = 0;
			shellPath = /bin/sh;
			shellScript = "\"${PODS_ROOT}/Target Support Files/Pods-TWAQI/Pods-TWAQI-resources.sh\"\n";
			showEnvVarsInLog = 0;
		};
		3B6191E3BE0D4CE356618CA3 /* [CP] Check Pods Manifest.lock */ = {
			isa = PBXShellScriptBuildPhase;
			buildActionMask = 2147483647;
			files = (
			);
			inputFileListPaths = (
			);
			inputPaths = (
				"${PODS_PODFILE_DIR_PATH}/Podfile.lock",
				"${PODS_ROOT}/Manifest.lock",
			);
			name = "[CP] Check Pods Manifest.lock";
			outputFileListPaths = (
			);
			outputPaths = (
				"$(DERIVED_FILE_DIR)/Pods-watch Extension-checkManifestLockResult.txt",
			);
			runOnlyForDeploymentPostprocessing = 0;
			shellPath = /bin/sh;
			shellScript = "diff \"${PODS_PODFILE_DIR_PATH}/Podfile.lock\" \"${PODS_ROOT}/Manifest.lock\" > /dev/null\nif [ $? != 0 ] ; then\n    # print error to STDERR\n    echo \"error: The sandbox is not in sync with the Podfile.lock. Run 'pod install' or update your CocoaPods installation.\" >&2\n    exit 1\nfi\n# This output is used by Xcode 'outputs' to avoid re-running this script phase.\necho \"SUCCESS\" > \"${SCRIPT_OUTPUT_FILE_0}\"\n";
			showEnvVarsInLog = 0;
		};
		9E42A2F81DAB4433795A8DEB /* [CP] Check Pods Manifest.lock */ = {
			isa = PBXShellScriptBuildPhase;
			buildActionMask = 2147483647;
			files = (
			);
			inputFileListPaths = (
			);
			inputPaths = (
				"${PODS_PODFILE_DIR_PATH}/Podfile.lock",
				"${PODS_ROOT}/Manifest.lock",
			);
			name = "[CP] Check Pods Manifest.lock";
			outputFileListPaths = (
			);
			outputPaths = (
				"$(DERIVED_FILE_DIR)/Pods-OneSignalNotificationServiceExtension-checkManifestLockResult.txt",
			);
			runOnlyForDeploymentPostprocessing = 0;
			shellPath = /bin/sh;
			shellScript = "diff \"${PODS_PODFILE_DIR_PATH}/Podfile.lock\" \"${PODS_ROOT}/Manifest.lock\" > /dev/null\nif [ $? != 0 ] ; then\n    # print error to STDERR\n    echo \"error: The sandbox is not in sync with the Podfile.lock. Run 'pod install' or update your CocoaPods installation.\" >&2\n    exit 1\nfi\n# This output is used by Xcode 'outputs' to avoid re-running this script phase.\necho \"SUCCESS\" > \"${SCRIPT_OUTPUT_FILE_0}\"\n";
			showEnvVarsInLog = 0;
		};
		9EC3CF24235FF8C100F17332 /* ShellScript */ = {
			isa = PBXShellScriptBuildPhase;
			buildActionMask = 2147483647;
			files = (
			);
			inputFileListPaths = (
			);
			inputPaths = (
			);
			outputFileListPaths = (
			);
			outputPaths = (
			);
			runOnlyForDeploymentPostprocessing = 0;
			shellPath = /bin/sh;
			shellScript = "\"${PODS_ROOT}/Fabric/run\"\n";
		};
		9EFE2DFC23419BBC007B7723 /* ShellScript */ = {
			isa = PBXShellScriptBuildPhase;
			buildActionMask = 2147483647;
			files = (
			);
			inputFileListPaths = (
			);
			inputPaths = (
			);
			outputFileListPaths = (
			);
			outputPaths = (
			);
			runOnlyForDeploymentPostprocessing = 0;
			shellPath = /bin/sh;
			shellScript = "# Type a script or drag a script file from your workspace to insert its path.\nif which swiftlint >/dev/null; then\n  swiftlint\nelse\n  echo \"warning: SwiftLint not installed, download from https://github.com/realm/SwiftLint\"\nfi\n";
		};
		C5D0E6ADAEF6BA2F4785E9F3 /* [CP] Embed Pods Frameworks */ = {
			isa = PBXShellScriptBuildPhase;
			buildActionMask = 2147483647;
			files = (
			);
			inputFileListPaths = (
				"${PODS_ROOT}/Target Support Files/Pods-TWAQI/Pods-TWAQI-frameworks-${CONFIGURATION}-input-files.xcfilelist",
			);
			name = "[CP] Embed Pods Frameworks";
			outputFileListPaths = (
				"${PODS_ROOT}/Target Support Files/Pods-TWAQI/Pods-TWAQI-frameworks-${CONFIGURATION}-output-files.xcfilelist",
			);
			runOnlyForDeploymentPostprocessing = 0;
			shellPath = /bin/sh;
			shellScript = "\"${PODS_ROOT}/Target Support Files/Pods-TWAQI/Pods-TWAQI-frameworks.sh\"\n";
			showEnvVarsInLog = 0;
		};
		DAFDB989D5F38D58B4D9D440 /* [CP] Embed Pods Frameworks */ = {
			isa = PBXShellScriptBuildPhase;
			buildActionMask = 2147483647;
			files = (
			);
			inputFileListPaths = (
				"${PODS_ROOT}/Target Support Files/Pods-watch Extension/Pods-watch Extension-frameworks-${CONFIGURATION}-input-files.xcfilelist",
			);
			name = "[CP] Embed Pods Frameworks";
			outputFileListPaths = (
				"${PODS_ROOT}/Target Support Files/Pods-watch Extension/Pods-watch Extension-frameworks-${CONFIGURATION}-output-files.xcfilelist",
			);
			runOnlyForDeploymentPostprocessing = 0;
			shellPath = /bin/sh;
			shellScript = "\"${PODS_ROOT}/Target Support Files/Pods-watch Extension/Pods-watch Extension-frameworks.sh\"\n";
			showEnvVarsInLog = 0;
		};
		F325A4A10B9FB5D16F8BF4E7 /* [CP] Check Pods Manifest.lock */ = {
			isa = PBXShellScriptBuildPhase;
			buildActionMask = 2147483647;
			files = (
			);
			inputFileListPaths = (
			);
			inputPaths = (
				"${PODS_PODFILE_DIR_PATH}/Podfile.lock",
				"${PODS_ROOT}/Manifest.lock",
			);
			name = "[CP] Check Pods Manifest.lock";
			outputFileListPaths = (
			);
			outputPaths = (
				"$(DERIVED_FILE_DIR)/Pods-TWAQI-checkManifestLockResult.txt",
			);
			runOnlyForDeploymentPostprocessing = 0;
			shellPath = /bin/sh;
			shellScript = "diff \"${PODS_PODFILE_DIR_PATH}/Podfile.lock\" \"${PODS_ROOT}/Manifest.lock\" > /dev/null\nif [ $? != 0 ] ; then\n    # print error to STDERR\n    echo \"error: The sandbox is not in sync with the Podfile.lock. Run 'pod install' or update your CocoaPods installation.\" >&2\n    exit 1\nfi\n# This output is used by Xcode 'outputs' to avoid re-running this script phase.\necho \"SUCCESS\" > \"${SCRIPT_OUTPUT_FILE_0}\"\n";
			showEnvVarsInLog = 0;
		};
/* End PBXShellScriptBuildPhase section */

/* Begin PBXSourcesBuildPhase section */
		9E1AC534233F981700AC862D /* Sources */ = {
			isa = PBXSourcesBuildPhase;
			buildActionMask = 2147483647;
			files = (
				9EAB27F42379180600AEAF5A /* WindModeButton.swift in Sources */,
				9EF2501523766BC000A731D5 /* ClosestStationView.swift in Sources */,
				9E794A62234083700064D874 /* Indicator.swift in Sources */,
				9EC5960C2351BF7800B8AA99 /* getEnv.swift in Sources */,
				9E1AC53C233F981700AC862D /* AppDelegate.swift in Sources */,
				9EF7A32A2386FC8700FF410C /* HelpViewModel.swift in Sources */,
				9E1AC561233F9A8500AC862D /* DetailsView.swift in Sources */,
				9EF3D3482393B318009CED32 /* APIResponses.swift in Sources */,
				9EFCDAB7237809CA00EA2203 /* IndexSelectorView.swift in Sources */,
				9E942E3C2372CA4B0010915D /* LocaleExtension.swift in Sources */,
				9E942E342372BAB10010915D /* AreaGroups.swift in Sources */,
				9EC596102351C87100B8AA99 /* ForecastViewModel.swift in Sources */,
				9EA1BC6D2369B907008C3942 /* SettingsRowViewModel.swift in Sources */,
				9E1AC53E233F981700AC862D /* SceneDelegate.swift in Sources */,
				9EF3D34623939798009CED32 /* Stations.swift in Sources */,
				9EF250172376702100A731D5 /* AirStatusBarView.swift in Sources */,
				9E978F18235780D900C66A03 /* GADBannerView.swift in Sources */,
				9E51276E23AC6DDB00DEA45D /* StoreReviewManager.swift in Sources */,
				9E9042EA2372F73200DDD4D9 /* DateExtension.swift in Sources */,
				9E205FC62353759100C6D3C1 /* DetailsViewModel.swift in Sources */,
				9E1C9B14238974120052E115 /* StringExtension.swift in Sources */,
				9E34B4F2237079F400B6E600 /* TrackingManager.swift in Sources */,
				9E03DF6123969E54002F8DA4 /* DetailsListViewModel.swift in Sources */,
				9EC3CF262360A81300F17332 /* BarsView.swift in Sources */,
				9E794A642340993C0064D874 /* DetailsRow.swift in Sources */,
				9EA1BC6723657EC8008C3942 /* ForecastDetailView.swift in Sources */,
				9EE9E6BE235C8F150046A590 /* SettingsStore.swift in Sources */,
				9EA1BC6523657D73008C3942 /* Forecast3DaysView.swift in Sources */,
				9E1AC567233FB0A400AC862D /* ColorExtensions.swift in Sources */,
				9E03DF5E23965286002F8DA4 /* HistoricalPollutants.swift in Sources */,
				9E942E362372BFDA0010915D /* AirIndexTypes.swift in Sources */,
				9EDBA6EA2363284E009B4CC4 /* ImageExtensions.swift in Sources */,
				9E1AC55B233F9A3900AC862D /* ForecastView.swift in Sources */,
				9EA1BC71236DDA2D008C3942 /* Marker.swift in Sources */,
				9EA1BC692365CC0F008C3942 /* NumberExtensions.swift in Sources */,
				9EDF685923838CEE00B08589 /* DefaultLocationButton.swift in Sources */,
				9E01F535235C3E1900BC3486 /* OneSignalSettings.swift in Sources */,
				9E34B4F62371B78600B6E600 /* IAPManager.swift in Sources */,
				9E34B4F82371CDF900B6E600 /* AdBannerView.swift in Sources */,
				9E1AC55E233F9A5000AC862D /* HelpView.swift in Sources */,
				9EF3D34423939281009CED32 /* Countries.swift in Sources */,
				9EDD956F2385953700420116 /* CustomAdView.swift in Sources */,
				9EC596132351CF4400B8AA99 /* ForecastArea.swift in Sources */,
				9E03DF6A23994500002F8DA4 /* TaiwanStationsMapper.swift in Sources */,
				9E794A692340A6090064D874 /* SettingsRow.swift in Sources */,
				9E03DF6423975CF9002F8DA4 /* FavouriteListView.swift in Sources */,
				9EDD956D2385941200420116 /* CustomAd.swift in Sources */,
				9EDF685723838CDA00B08589 /* MyLocationButton.swift in Sources */,
				9EC3CF22235F3B0B00F17332 /* LabelView.swift in Sources */,
				9E1AC564233F9AC100AC862D /* DetailsListView.swift in Sources */,
				9E942E3A2372C3B20010915D /* LinkPages.swift in Sources */,
				9EC6BB17235B462B00213041 /* SafariView.swift in Sources */,
				9E1AC555233F99F600AC862D /* MainView.swift in Sources */,
				9E942E382372C0380010915D /* AirStatusTypes.swift in Sources */,
				9E03DF6623975D4F002F8DA4 /* FavouriteListViewModel.swift in Sources */,
				9E1AC540233F981700AC862D /* ContentView.swift in Sources */,
				9EF3D3532393E9BF009CED32 /* CountryPollutants.swift in Sources */,
				9EA1BC6F236D870C008C3942 /* GoogleMapController.swift in Sources */,
				9EDBA6EE23649079009B4CC4 /* APIManager.swift in Sources */,
				9EF3D3512393B9C6009CED32 /* Pollutants.swift in Sources */,
				9E978F1C235AFA7000C66A03 /* DataManager.swift in Sources */,
				9EF250192376B95D00A731D5 /* DefinitionPages.swift in Sources */,
				9EC3CF20235E0EF100F17332 /* Separator.swift in Sources */,
				9EDBA6EC236431C3009B4CC4 /* OneSignalManager.swift in Sources */,
				9E03DF6823975E21002F8DA4 /* FavouriteRow.swift in Sources */,
				9E205FC423536C6A00C6D3C1 /* DetailsHistoryView.swift in Sources */,
				9EA1BC73236EAC0A008C3942 /* GoogleMapStyles.swift in Sources */,
				9E205FCD2354B5E900C6D3C1 /* DetailsSuggestionView.swift in Sources */,
				9E0876212382DAA50060476E /* UserDefaultsExtension.swift in Sources */,
				9E5257AC23449FD1001ECFE1 /* MainViewModel.swift in Sources */,
			);
			runOnlyForDeploymentPostprocessing = 0;
		};
		9E910C3E2381830300B8B316 /* Sources */ = {
			isa = PBXSourcesBuildPhase;
			buildActionMask = 2147483647;
			files = (
				9EC8999223828BE1000D986C /* getEnv.swift in Sources */,
				9EDF685A23843B1400B08589 /* LocaleExtension.swift in Sources */,
				9E910C6D238184D900B8B316 /* AirStatusTypes.swift in Sources */,
				9EF3D34F2393B65B009CED32 /* ForecastArea.swift in Sources */,
				9E0876222382DAB00060476E /* UserDefaultsExtension.swift in Sources */,
				9E910C4A2381830400B8B316 /* HostingController.swift in Sources */,
				9E03DF6D239B8366002F8DA4 /* CountryListView.swift in Sources */,
				9E910C6F2381850B00B8B316 /* DataManager.swift in Sources */,
				9E910C482381830300B8B316 /* ContentView.swift in Sources */,
				9E910C4E2381830400B8B316 /* NotificationController.swift in Sources */,
				9E910C6E238184FA00B8B316 /* NumberExtensions.swift in Sources */,
				9E96B52B23892C7B00EEA5B9 /* ComplicationController.swift in Sources */,
				9E910C4C2381830400B8B316 /* ExtensionDelegate.swift in Sources */,
				9E910C6C238184D600B8B316 /* AirIndexTypes.swift in Sources */,
				9EF3D34A2393B5CB009CED32 /* APIResponses.swift in Sources */,
				9E910C682381848E00B8B316 /* StationListView.swift in Sources */,
				9E03DF6F239B8E89002F8DA4 /* StationListViewModel.swift in Sources */,
				9E1C9B17238997E30052E115 /* ComplicationManager.swift in Sources */,
				9E910C7123818B0100B8B316 /* ColorExtensions.swift in Sources */,
				9E08761F2382D75C0060476E /* ContentViewModel.swift in Sources */,
				9E910C662381846A00B8B316 /* SettingsStore.swift in Sources */,
				9EF3D34B2393B631009CED32 /* Countries.swift in Sources */,
				9E910C502381830400B8B316 /* NotificationView.swift in Sources */,
				9EF3D3542393EB35009CED32 /* Pollutants.swift in Sources */,
				9EF3D3492393B5C8009CED32 /* APIManager.swift in Sources */,
				9EF3D34E2393B64C009CED32 /* CustomAd.swift in Sources */,
				9E03DF5F23965CB0002F8DA4 /* HistoricalPollutants.swift in Sources */,
				9E1C9B152389741B0052E115 /* StringExtension.swift in Sources */,
				9E4A2F93239B9B6000FFCD09 /* Stations.swift in Sources */,
				9E910C6B238184BB00B8B316 /* LabelView.swift in Sources */,
			);
			runOnlyForDeploymentPostprocessing = 0;
		};
		9EC6BB18235B590500213041 /* Sources */ = {
			isa = PBXSourcesBuildPhase;
			buildActionMask = 2147483647;
			files = (
				9EC6BB1F235B590500213041 /* NotificationService.swift in Sources */,
			);
			runOnlyForDeploymentPostprocessing = 0;
		};
/* End PBXSourcesBuildPhase section */

/* Begin PBXTargetDependency section */
		9E910C452381830300B8B316 /* PBXTargetDependency */ = {
			isa = PBXTargetDependency;
			target = 9E910C412381830300B8B316 /* watch Extension */;
			targetProxy = 9E910C442381830300B8B316 /* PBXContainerItemProxy */;
		};
		9E910C592381830500B8B316 /* PBXTargetDependency */ = {
			isa = PBXTargetDependency;
			target = 9E910C35238182FE00B8B316 /* watch */;
			targetProxy = 9E910C582381830500B8B316 /* PBXContainerItemProxy */;
		};
		9EC6BB22235B590500213041 /* PBXTargetDependency */ = {
			isa = PBXTargetDependency;
			target = 9EC6BB1B235B590500213041 /* OneSignalNotificationServiceExtension */;
			targetProxy = 9EC6BB21235B590500213041 /* PBXContainerItemProxy */;
		};
/* End PBXTargetDependency section */

/* Begin PBXVariantGroup section */
		9E1AC546233F981900AC862D /* LaunchScreen.storyboard */ = {
			isa = PBXVariantGroup;
			children = (
				9E1AC547233F981900AC862D /* Base */,
			);
			name = LaunchScreen.storyboard;
			sourceTree = "<group>";
			usesTabs = 0;
		};
		9E34B5032371E7B700B6E600 /* Localizable.strings */ = {
			isa = PBXVariantGroup;
			children = (
				9E34B5022371E7B700B6E600 /* en */,
				9E34B5042371E7BB00B6E600 /* zh-Hant */,
				9E4A2F94239EB60900FFCD09 /* th */,
				9E65658923AB2E73003EFB87 /* zh-Hans */,
			);
			name = Localizable.strings;
			sourceTree = "<group>";
		};
		9E910C38238182FE00B8B316 /* Interface.storyboard */ = {
			isa = PBXVariantGroup;
			children = (
				9E910C39238182FE00B8B316 /* Base */,
			);
			name = Interface.storyboard;
			sourceTree = "<group>";
		};
/* End PBXVariantGroup section */

/* Begin XCBuildConfiguration section */
		9E1AC54A233F981900AC862D /* Debug */ = {
			isa = XCBuildConfiguration;
			baseConfigurationReference = 9EC596112351C94900B8AA99 /* debug.xcconfig */;
			buildSettings = {
				ALWAYS_SEARCH_USER_PATHS = NO;
				CLANG_ANALYZER_LOCALIZABILITY_NONLOCALIZED = YES;
				CLANG_ANALYZER_NONNULL = YES;
				CLANG_ANALYZER_NUMBER_OBJECT_CONVERSION = YES_AGGRESSIVE;
				CLANG_CXX_LANGUAGE_STANDARD = "gnu++14";
				CLANG_CXX_LIBRARY = "libc++";
				CLANG_ENABLE_MODULES = YES;
				CLANG_ENABLE_OBJC_ARC = YES;
				CLANG_ENABLE_OBJC_WEAK = YES;
				CLANG_WARN_BLOCK_CAPTURE_AUTORELEASING = YES;
				CLANG_WARN_BOOL_CONVERSION = YES;
				CLANG_WARN_COMMA = YES;
				CLANG_WARN_CONSTANT_CONVERSION = YES;
				CLANG_WARN_DEPRECATED_OBJC_IMPLEMENTATIONS = YES;
				CLANG_WARN_DIRECT_OBJC_ISA_USAGE = YES_ERROR;
				CLANG_WARN_DOCUMENTATION_COMMENTS = YES;
				CLANG_WARN_EMPTY_BODY = YES;
				CLANG_WARN_ENUM_CONVERSION = YES;
				CLANG_WARN_INFINITE_RECURSION = YES;
				CLANG_WARN_INT_CONVERSION = YES;
				CLANG_WARN_NON_LITERAL_NULL_CONVERSION = YES;
				CLANG_WARN_OBJC_IMPLICIT_RETAIN_SELF = YES;
				CLANG_WARN_OBJC_LITERAL_CONVERSION = YES;
				CLANG_WARN_OBJC_ROOT_CLASS = YES_ERROR;
				CLANG_WARN_RANGE_LOOP_ANALYSIS = YES;
				CLANG_WARN_STRICT_PROTOTYPES = YES;
				CLANG_WARN_SUSPICIOUS_MOVE = YES;
				CLANG_WARN_UNGUARDED_AVAILABILITY = YES_AGGRESSIVE;
				CLANG_WARN_UNREACHABLE_CODE = YES;
				CLANG_WARN__DUPLICATE_METHOD_MATCH = YES;
				COPY_PHASE_STRIP = NO;
				DEBUG_INFORMATION_FORMAT = dwarf;
				ENABLE_STRICT_OBJC_MSGSEND = YES;
				ENABLE_TESTABILITY = YES;
				GCC_C_LANGUAGE_STANDARD = gnu11;
				GCC_DYNAMIC_NO_PIC = NO;
				GCC_NO_COMMON_BLOCKS = YES;
				GCC_OPTIMIZATION_LEVEL = 0;
				GCC_PREPROCESSOR_DEFINITIONS = (
					"DEBUG=1",
					"$(inherited)",
				);
				GCC_WARN_64_TO_32_BIT_CONVERSION = YES;
				GCC_WARN_ABOUT_RETURN_TYPE = YES_ERROR;
				GCC_WARN_UNDECLARED_SELECTOR = YES;
				GCC_WARN_UNINITIALIZED_AUTOS = YES_AGGRESSIVE;
				GCC_WARN_UNUSED_FUNCTION = YES;
				GCC_WARN_UNUSED_VARIABLE = YES;
				IPHONEOS_DEPLOYMENT_TARGET = 13.0;
				MTL_ENABLE_DEBUG_INFO = INCLUDE_SOURCE;
				MTL_FAST_MATH = YES;
				ONLY_ACTIVE_ARCH = YES;
				SDKROOT = iphoneos;
				SWIFT_ACTIVE_COMPILATION_CONDITIONS = DEBUG;
				SWIFT_OPTIMIZATION_LEVEL = "-Onone";
			};
			name = Debug;
		};
		9E1AC54B233F981900AC862D /* Release */ = {
			isa = XCBuildConfiguration;
			baseConfigurationReference = 9EC596082351BC5D00B8AA99 /* release.xcconfig */;
			buildSettings = {
				ALWAYS_SEARCH_USER_PATHS = NO;
				CLANG_ANALYZER_LOCALIZABILITY_NONLOCALIZED = YES;
				CLANG_ANALYZER_NONNULL = YES;
				CLANG_ANALYZER_NUMBER_OBJECT_CONVERSION = YES_AGGRESSIVE;
				CLANG_CXX_LANGUAGE_STANDARD = "gnu++14";
				CLANG_CXX_LIBRARY = "libc++";
				CLANG_ENABLE_MODULES = YES;
				CLANG_ENABLE_OBJC_ARC = YES;
				CLANG_ENABLE_OBJC_WEAK = YES;
				CLANG_WARN_BLOCK_CAPTURE_AUTORELEASING = YES;
				CLANG_WARN_BOOL_CONVERSION = YES;
				CLANG_WARN_COMMA = YES;
				CLANG_WARN_CONSTANT_CONVERSION = YES;
				CLANG_WARN_DEPRECATED_OBJC_IMPLEMENTATIONS = YES;
				CLANG_WARN_DIRECT_OBJC_ISA_USAGE = YES_ERROR;
				CLANG_WARN_DOCUMENTATION_COMMENTS = YES;
				CLANG_WARN_EMPTY_BODY = YES;
				CLANG_WARN_ENUM_CONVERSION = YES;
				CLANG_WARN_INFINITE_RECURSION = YES;
				CLANG_WARN_INT_CONVERSION = YES;
				CLANG_WARN_NON_LITERAL_NULL_CONVERSION = YES;
				CLANG_WARN_OBJC_IMPLICIT_RETAIN_SELF = YES;
				CLANG_WARN_OBJC_LITERAL_CONVERSION = YES;
				CLANG_WARN_OBJC_ROOT_CLASS = YES_ERROR;
				CLANG_WARN_RANGE_LOOP_ANALYSIS = YES;
				CLANG_WARN_STRICT_PROTOTYPES = YES;
				CLANG_WARN_SUSPICIOUS_MOVE = YES;
				CLANG_WARN_UNGUARDED_AVAILABILITY = YES_AGGRESSIVE;
				CLANG_WARN_UNREACHABLE_CODE = YES;
				CLANG_WARN__DUPLICATE_METHOD_MATCH = YES;
				COPY_PHASE_STRIP = NO;
				DEBUG_INFORMATION_FORMAT = "dwarf-with-dsym";
				ENABLE_NS_ASSERTIONS = NO;
				ENABLE_STRICT_OBJC_MSGSEND = YES;
				GCC_C_LANGUAGE_STANDARD = gnu11;
				GCC_NO_COMMON_BLOCKS = YES;
				GCC_WARN_64_TO_32_BIT_CONVERSION = YES;
				GCC_WARN_ABOUT_RETURN_TYPE = YES_ERROR;
				GCC_WARN_UNDECLARED_SELECTOR = YES;
				GCC_WARN_UNINITIALIZED_AUTOS = YES_AGGRESSIVE;
				GCC_WARN_UNUSED_FUNCTION = YES;
				GCC_WARN_UNUSED_VARIABLE = YES;
				IPHONEOS_DEPLOYMENT_TARGET = 13.0;
				MTL_ENABLE_DEBUG_INFO = NO;
				MTL_FAST_MATH = YES;
				SDKROOT = iphoneos;
				SWIFT_COMPILATION_MODE = wholemodule;
				SWIFT_OPTIMIZATION_LEVEL = "-O";
				VALIDATE_PRODUCT = YES;
			};
			name = Release;
		};
		9E1AC54D233F981900AC862D /* Debug */ = {
			isa = XCBuildConfiguration;
			baseConfigurationReference = DF13A9AEE12BB503E5C3EA73 /* Pods-TWAQI.debug.xcconfig */;
			buildSettings = {
				ALWAYS_EMBED_SWIFT_STANDARD_LIBRARIES = YES;
				ASSETCATALOG_COMPILER_APPICON_NAME = AppIcon;
				CODE_SIGN_ENTITLEMENTS = TWAQI/TWAQI.entitlements;
				CODE_SIGN_STYLE = Automatic;
				CURRENT_PROJECT_VERSION = 124;
				DEVELOPMENT_ASSET_PATHS = "\"TWAQI/Preview Content\"";
				DEVELOPMENT_TEAM = CC4C8V8BXN;
				ENABLE_PREVIEWS = YES;
				INFOPLIST_FILE = TWAQI/Info.plist;
				LD_RUNPATH_SEARCH_PATHS = (
					"$(inherited)",
					"@executable_path/Frameworks",
				);
				MARKETING_VERSION = 2.0.5;
				PRODUCT_BUNDLE_IDENTIFIER = com.kfpun.twaqi;
				PRODUCT_NAME = "Taiwan Air";
				SWIFT_VERSION = 5.0;
				TARGETED_DEVICE_FAMILY = "1,2";
			};
			name = Debug;
		};
		9E1AC54E233F981900AC862D /* Release */ = {
			isa = XCBuildConfiguration;
			baseConfigurationReference = D2A76960C78240C199D174A5 /* Pods-TWAQI.release.xcconfig */;
			buildSettings = {
				ALWAYS_EMBED_SWIFT_STANDARD_LIBRARIES = YES;
				ASSETCATALOG_COMPILER_APPICON_NAME = AppIcon;
				CODE_SIGN_ENTITLEMENTS = TWAQI/TWAQI.entitlements;
				CODE_SIGN_STYLE = Automatic;
				CURRENT_PROJECT_VERSION = 124;
				DEVELOPMENT_ASSET_PATHS = "\"TWAQI/Preview Content\"";
				DEVELOPMENT_TEAM = CC4C8V8BXN;
				ENABLE_PREVIEWS = YES;
				INFOPLIST_FILE = TWAQI/Info.plist;
				LD_RUNPATH_SEARCH_PATHS = (
					"$(inherited)",
					"@executable_path/Frameworks",
				);
				MARKETING_VERSION = 2.0.5;
				PRODUCT_BUNDLE_IDENTIFIER = com.kfpun.twaqi;
				PRODUCT_NAME = "Taiwan Air";
				SWIFT_VERSION = 5.0;
				TARGETED_DEVICE_FAMILY = "1,2";
			};
			name = Release;
		};
		9E910C5C2381830500B8B316 /* Debug */ = {
			isa = XCBuildConfiguration;
			buildSettings = {
				ALWAYS_EMBED_SWIFT_STANDARD_LIBRARIES = YES;
				ASSETCATALOG_COMPILER_APPICON_NAME = AppIcon;
				CODE_SIGN_STYLE = Automatic;
				CURRENT_PROJECT_VERSION = 124;
				DEVELOPMENT_TEAM = CC4C8V8BXN;
				IBSC_MODULE = watch_Extension;
				INFOPLIST_FILE = watch/Info.plist;
				MARKETING_VERSION = 2.0.5;
				PRODUCT_BUNDLE_IDENTIFIER = com.kfpun.twaqi.watchkitapp;
				PRODUCT_NAME = "Taiwan Air";
				SDKROOT = watchos;
				SKIP_INSTALL = YES;
				SWIFT_VERSION = 5.0;
				TARGETED_DEVICE_FAMILY = 4;
				WATCHOS_DEPLOYMENT_TARGET = 6.1;
			};
			name = Debug;
		};
		9E910C5D2381830500B8B316 /* Release */ = {
			isa = XCBuildConfiguration;
			buildSettings = {
				ALWAYS_EMBED_SWIFT_STANDARD_LIBRARIES = YES;
				ASSETCATALOG_COMPILER_APPICON_NAME = AppIcon;
				CODE_SIGN_STYLE = Automatic;
				CURRENT_PROJECT_VERSION = 124;
				DEVELOPMENT_TEAM = CC4C8V8BXN;
				IBSC_MODULE = watch_Extension;
				INFOPLIST_FILE = watch/Info.plist;
				MARKETING_VERSION = 2.0.5;
				PRODUCT_BUNDLE_IDENTIFIER = com.kfpun.twaqi.watchkitapp;
				PRODUCT_NAME = "Taiwan Air";
				SDKROOT = watchos;
				SKIP_INSTALL = YES;
				SWIFT_VERSION = 5.0;
				TARGETED_DEVICE_FAMILY = 4;
				WATCHOS_DEPLOYMENT_TARGET = 6.1;
			};
			name = Release;
		};
		9E910C5F2381830500B8B316 /* Debug */ = {
			isa = XCBuildConfiguration;
			baseConfigurationReference = 93EEC8B07FC43D68445B068E /* Pods-watch Extension.debug.xcconfig */;
			buildSettings = {
				ASSETCATALOG_COMPILER_COMPLICATION_NAME = Complication;
				CODE_SIGN_STYLE = Automatic;
				CURRENT_PROJECT_VERSION = 124;
				DEVELOPMENT_ASSET_PATHS = "\"watch Extension/Preview Content\"";
				DEVELOPMENT_TEAM = CC4C8V8BXN;
				ENABLE_PREVIEWS = YES;
				INFOPLIST_FILE = "watch Extension/Info.plist";
				LD_RUNPATH_SEARCH_PATHS = (
					"$(inherited)",
					"@executable_path/Frameworks",
					"@executable_path/../../Frameworks",
				);
				MARKETING_VERSION = 2.0.5;
				PRODUCT_BUNDLE_IDENTIFIER = com.kfpun.twaqi.watchkitapp.watchkitextension;
				PRODUCT_NAME = "${TARGET_NAME}";
				SDKROOT = watchos;
				SKIP_INSTALL = YES;
				SWIFT_VERSION = 5.0;
				TARGETED_DEVICE_FAMILY = 4;
				WATCHOS_DEPLOYMENT_TARGET = 6.1;
			};
			name = Debug;
		};
		9E910C602381830500B8B316 /* Release */ = {
			isa = XCBuildConfiguration;
			baseConfigurationReference = E9176A46D14F895C1F5A5CE3 /* Pods-watch Extension.release.xcconfig */;
			buildSettings = {
				ASSETCATALOG_COMPILER_COMPLICATION_NAME = Complication;
				CODE_SIGN_STYLE = Automatic;
				CURRENT_PROJECT_VERSION = 124;
				DEVELOPMENT_ASSET_PATHS = "\"watch Extension/Preview Content\"";
				DEVELOPMENT_TEAM = CC4C8V8BXN;
				ENABLE_PREVIEWS = YES;
				INFOPLIST_FILE = "watch Extension/Info.plist";
				LD_RUNPATH_SEARCH_PATHS = (
					"$(inherited)",
					"@executable_path/Frameworks",
					"@executable_path/../../Frameworks",
				);
				MARKETING_VERSION = 2.0.5;
				PRODUCT_BUNDLE_IDENTIFIER = com.kfpun.twaqi.watchkitapp.watchkitextension;
				PRODUCT_NAME = "${TARGET_NAME}";
				SDKROOT = watchos;
				SKIP_INSTALL = YES;
				SWIFT_VERSION = 5.0;
				TARGETED_DEVICE_FAMILY = 4;
				WATCHOS_DEPLOYMENT_TARGET = 6.1;
			};
			name = Release;
		};
		9EC6BB25235B590500213041 /* Debug */ = {
			isa = XCBuildConfiguration;
			baseConfigurationReference = 9EAF6D2B799535C450BD0580 /* Pods-OneSignalNotificationServiceExtension.debug.xcconfig */;
			buildSettings = {
				CODE_SIGN_ENTITLEMENTS = OneSignalNotificationServiceExtension/OneSignalNotificationServiceExtension.entitlements;
				CODE_SIGN_STYLE = Automatic;
				CURRENT_PROJECT_VERSION = 124;
				DEVELOPMENT_TEAM = CC4C8V8BXN;
				INFOPLIST_FILE = OneSignalNotificationServiceExtension/Info.plist;
				IPHONEOS_DEPLOYMENT_TARGET = 13.2;
				LD_RUNPATH_SEARCH_PATHS = (
					"$(inherited)",
					"@executable_path/Frameworks",
					"@executable_path/../../Frameworks",
				);
				MARKETING_VERSION = 2.0.5;
				PRODUCT_BUNDLE_IDENTIFIER = com.kfpun.twaqi.NotificationServiceExtension;
				PRODUCT_NAME = "$(TARGET_NAME)";
				SKIP_INSTALL = YES;
				SWIFT_VERSION = 5.0;
				TARGETED_DEVICE_FAMILY = "1,2";
			};
			name = Debug;
		};
		9EC6BB26235B590500213041 /* Release */ = {
			isa = XCBuildConfiguration;
			baseConfigurationReference = 437631D7D7C9B18A5CECB5C3 /* Pods-OneSignalNotificationServiceExtension.release.xcconfig */;
			buildSettings = {
				CODE_SIGN_ENTITLEMENTS = OneSignalNotificationServiceExtension/OneSignalNotificationServiceExtension.entitlements;
				CODE_SIGN_STYLE = Automatic;
				CURRENT_PROJECT_VERSION = 124;
				DEVELOPMENT_TEAM = CC4C8V8BXN;
				INFOPLIST_FILE = OneSignalNotificationServiceExtension/Info.plist;
				IPHONEOS_DEPLOYMENT_TARGET = 13.2;
				LD_RUNPATH_SEARCH_PATHS = (
					"$(inherited)",
					"@executable_path/Frameworks",
					"@executable_path/../../Frameworks",
				);
				MARKETING_VERSION = 2.0.5;
				PRODUCT_BUNDLE_IDENTIFIER = com.kfpun.twaqi.NotificationServiceExtension;
				PRODUCT_NAME = "$(TARGET_NAME)";
				SKIP_INSTALL = YES;
				SWIFT_VERSION = 5.0;
				TARGETED_DEVICE_FAMILY = "1,2";
			};
			name = Release;
		};
/* End XCBuildConfiguration section */

/* Begin XCConfigurationList section */
		9E1AC533233F981700AC862D /* Build configuration list for PBXProject "TWAQI" */ = {
			isa = XCConfigurationList;
			buildConfigurations = (
				9E1AC54A233F981900AC862D /* Debug */,
				9E1AC54B233F981900AC862D /* Release */,
			);
			defaultConfigurationIsVisible = 0;
			defaultConfigurationName = Release;
		};
		9E1AC54C233F981900AC862D /* Build configuration list for PBXNativeTarget "TWAQI" */ = {
			isa = XCConfigurationList;
			buildConfigurations = (
				9E1AC54D233F981900AC862D /* Debug */,
				9E1AC54E233F981900AC862D /* Release */,
			);
			defaultConfigurationIsVisible = 0;
			defaultConfigurationName = Release;
		};
		9E910C612381830500B8B316 /* Build configuration list for PBXNativeTarget "watch Extension" */ = {
			isa = XCConfigurationList;
			buildConfigurations = (
				9E910C5F2381830500B8B316 /* Debug */,
				9E910C602381830500B8B316 /* Release */,
			);
			defaultConfigurationIsVisible = 0;
			defaultConfigurationName = Release;
		};
		9E910C622381830500B8B316 /* Build configuration list for PBXNativeTarget "watch" */ = {
			isa = XCConfigurationList;
			buildConfigurations = (
				9E910C5C2381830500B8B316 /* Debug */,
				9E910C5D2381830500B8B316 /* Release */,
			);
			defaultConfigurationIsVisible = 0;
			defaultConfigurationName = Release;
		};
		9EC6BB24235B590500213041 /* Build configuration list for PBXNativeTarget "OneSignalNotificationServiceExtension" */ = {
			isa = XCConfigurationList;
			buildConfigurations = (
				9EC6BB25235B590500213041 /* Debug */,
				9EC6BB26235B590500213041 /* Release */,
			);
			defaultConfigurationIsVisible = 0;
			defaultConfigurationName = Release;
		};
/* End XCConfigurationList section */
	};
	rootObject = 9E1AC530233F981700AC862D /* Project object */;
}
